// !$*UTF8*$!
{
	archiveVersion = 1;
	classes = {
	};
	objectVersion = 46;
	objects = {

/* Begin PBXBuildFile section */
		877B9D3A1DFC257400D2EB91 /* DAeC_Germany_Week22_2016.txt in Resources */ = {isa = PBXBuildFile; fileRef = 877B9D391DFC257400D2EB91 /* DAeC_Germany_Week22_2016.txt */; };
		877B9D421DFC286500D2EB91 /* Iguazu.framework in Frameworks */ = {isa = PBXBuildFile; fileRef = 877B9D411DFC286500D2EB91 /* Iguazu.framework */; };
		877B9D431DFC286500D2EB91 /* Iguazu.framework in Embed Frameworks */ = {isa = PBXBuildFile; fileRef = 877B9D411DFC286500D2EB91 /* Iguazu.framework */; settings = {ATTRIBUTES = (CodeSignOnCopy, RemoveHeadersOnCopy, ); }; };
		87F0A8691DFDA29C0041EB85 /* allusa.v16.11-10.1.txt in Resources */ = {isa = PBXBuildFile; fileRef = 87F0A8681DFDA29C0041EB85 /* allusa.v16.11-10.1.txt */; };
		87F2E83B1D6632B000FA4CD2 /* AppDelegate.swift in Sources */ = {isa = PBXBuildFile; fileRef = 87F2E83A1D6632B000FA4CD2 /* AppDelegate.swift */; };
		87F2E83D1D6632B000FA4CD2 /* ViewController.swift in Sources */ = {isa = PBXBuildFile; fileRef = 87F2E83C1D6632B000FA4CD2 /* ViewController.swift */; };
		87F2E8401D6632B000FA4CD2 /* Main.storyboard in Resources */ = {isa = PBXBuildFile; fileRef = 87F2E83E1D6632B000FA4CD2 /* Main.storyboard */; };
		87F2E8421D6632B000FA4CD2 /* Assets.xcassets in Resources */ = {isa = PBXBuildFile; fileRef = 87F2E8411D6632B000FA4CD2 /* Assets.xcassets */; };
		87F2E8451D6632B000FA4CD2 /* LaunchScreen.storyboard in Resources */ = {isa = PBXBuildFile; fileRef = 87F2E8431D6632B000FA4CD2 /* LaunchScreen.storyboard */; };
		87F2E84D1D66343E00FA4CD2 /* lx7007.igc in Resources */ = {isa = PBXBuildFile; fileRef = 87F2E84C1D66343E00FA4CD2 /* lx7007.igc */; };
/* End PBXBuildFile section */

/* Begin PBXCopyFilesBuildPhase section */
		877B9D441DFC286500D2EB91 /* Embed Frameworks */ = {
			isa = PBXCopyFilesBuildPhase;
			buildActionMask = 2147483647;
			dstPath = "";
			dstSubfolderSpec = 10;
			files = (
				877B9D431DFC286500D2EB91 /* Iguazu.framework in Embed Frameworks */,
			);
			name = "Embed Frameworks";
			runOnlyForDeploymentPostprocessing = 0;
		};
/* End PBXCopyFilesBuildPhase section */

/* Begin PBXFileReference section */
		877B9D391DFC257400D2EB91 /* DAeC_Germany_Week22_2016.txt */ = {isa = PBXFileReference; fileEncoding = 4; lastKnownFileType = text; path = DAeC_Germany_Week22_2016.txt; sourceTree = "<group>"; };
		877B9D411DFC286500D2EB91 /* Iguazu.framework */ = {isa = PBXFileReference; explicitFileType = wrapper.framework; path = Iguazu.framework; sourceTree = BUILT_PRODUCTS_DIR; };
		87F0A8681DFDA29C0041EB85 /* allusa.v16.11-10.1.txt */ = {isa = PBXFileReference; fileEncoding = 4; lastKnownFileType = text; path = "allusa.v16.11-10.1.txt"; sourceTree = "<group>"; };
		87F2E8371D6632B000FA4CD2 /* IguazuDemoApp.app */ = {isa = PBXFileReference; explicitFileType = wrapper.application; includeInIndex = 0; path = IguazuDemoApp.app; sourceTree = BUILT_PRODUCTS_DIR; };
		87F2E83A1D6632B000FA4CD2 /* AppDelegate.swift */ = {isa = PBXFileReference; lastKnownFileType = sourcecode.swift; path = AppDelegate.swift; sourceTree = "<group>"; };
		87F2E83C1D6632B000FA4CD2 /* ViewController.swift */ = {isa = PBXFileReference; lastKnownFileType = sourcecode.swift; path = ViewController.swift; sourceTree = "<group>"; };
		87F2E83F1D6632B000FA4CD2 /* Base */ = {isa = PBXFileReference; lastKnownFileType = file.storyboard; name = Base; path = Base.lproj/Main.storyboard; sourceTree = "<group>"; };
		87F2E8411D6632B000FA4CD2 /* Assets.xcassets */ = {isa = PBXFileReference; lastKnownFileType = folder.assetcatalog; path = Assets.xcassets; sourceTree = "<group>"; };
		87F2E8441D6632B000FA4CD2 /* Base */ = {isa = PBXFileReference; lastKnownFileType = file.storyboard; name = Base; path = Base.lproj/LaunchScreen.storyboard; sourceTree = "<group>"; };
		87F2E8461D6632B000FA4CD2 /* Info.plist */ = {isa = PBXFileReference; lastKnownFileType = text.plist.xml; path = Info.plist; sourceTree = "<group>"; };
		87F2E84C1D66343E00FA4CD2 /* lx7007.igc */ = {isa = PBXFileReference; fileEncoding = 4; lastKnownFileType = text; path = lx7007.igc; sourceTree = "<group>"; };
/* End PBXFileReference section */

/* Begin PBXFrameworksBuildPhase section */
		87F2E8341D6632B000FA4CD2 /* Frameworks */ = {
			isa = PBXFrameworksBuildPhase;
			buildActionMask = 2147483647;
			files = (
				877B9D421DFC286500D2EB91 /* Iguazu.framework in Frameworks */,
			);
			runOnlyForDeploymentPostprocessing = 0;
		};
/* End PBXFrameworksBuildPhase section */

/* Begin PBXGroup section */
		87F2E82E1D6632B000FA4CD2 = {
			isa = PBXGroup;
			children = (
				877B9D411DFC286500D2EB91 /* Iguazu.framework */,
				87F2E8391D6632B000FA4CD2 /* IguazuDemoApp */,
				87F2E8381D6632B000FA4CD2 /* Products */,
				87F2E84E1D66349F00FA4CD2 /* Frameworks */,
			);
			sourceTree = "<group>";
		};
		87F2E8381D6632B000FA4CD2 /* Products */ = {
			isa = PBXGroup;
			children = (
				87F2E8371D6632B000FA4CD2 /* IguazuDemoApp.app */,
			);
			name = Products;
			sourceTree = "<group>";
		};
		87F2E8391D6632B000FA4CD2 /* IguazuDemoApp */ = {
			isa = PBXGroup;
			children = (
				87F2E84C1D66343E00FA4CD2 /* lx7007.igc */,
				87F0A8681DFDA29C0041EB85 /* allusa.v16.11-10.1.txt */,
				877B9D391DFC257400D2EB91 /* DAeC_Germany_Week22_2016.txt */,
				87F2E83A1D6632B000FA4CD2 /* AppDelegate.swift */,
				87F2E83C1D6632B000FA4CD2 /* ViewController.swift */,
				87F2E83E1D6632B000FA4CD2 /* Main.storyboard */,
				87F2E8411D6632B000FA4CD2 /* Assets.xcassets */,
				87F2E8431D6632B000FA4CD2 /* LaunchScreen.storyboard */,
				87F2E8461D6632B000FA4CD2 /* Info.plist */,
			);
			path = IguazuDemoApp;
			sourceTree = "<group>";
		};
		87F2E84E1D66349F00FA4CD2 /* Frameworks */ = {
			isa = PBXGroup;
			children = (
			);
			name = Frameworks;
			sourceTree = "<group>";
		};
/* End PBXGroup section */

/* Begin PBXNativeTarget section */
		87F2E8361D6632B000FA4CD2 /* IguazuDemoApp */ = {
			isa = PBXNativeTarget;
			buildConfigurationList = 87F2E8491D6632B000FA4CD2 /* Build configuration list for PBXNativeTarget "IguazuDemoApp" */;
			buildPhases = (
				87F2E8331D6632B000FA4CD2 /* Sources */,
				87F2E8341D6632B000FA4CD2 /* Frameworks */,
				87F2E8351D6632B000FA4CD2 /* Resources */,
				877B9D441DFC286500D2EB91 /* Embed Frameworks */,
			);
			buildRules = (
			);
			dependencies = (
			);
			name = IguazuDemoApp;
			productName = IguazuDemoApp;
			productReference = 87F2E8371D6632B000FA4CD2 /* IguazuDemoApp.app */;
			productType = "com.apple.product-type.application";
		};
/* End PBXNativeTarget section */

/* Begin PBXProject section */
		87F2E82F1D6632B000FA4CD2 /* Project object */ = {
			isa = PBXProject;
			attributes = {
				LastSwiftUpdateCheck = 0800;
				LastUpgradeCheck = 0810;
				ORGANIZATIONNAME = "Fifteen Jugglers Software";
				TargetAttributes = {
					87F2E8361D6632B000FA4CD2 = {
						CreatedOnToolsVersion = 8.0;
						DevelopmentTeam = MFRY9RPA96;
						ProvisioningStyle = Automatic;
					};
				};
			};
			buildConfigurationList = 87F2E8321D6632B000FA4CD2 /* Build configuration list for PBXProject "IguazuDemoApp" */;
			compatibilityVersion = "Xcode 3.2";
			developmentRegion = English;
			hasScannedForEncodings = 0;
			knownRegions = (
				en,
				Base,
			);
			mainGroup = 87F2E82E1D6632B000FA4CD2;
			productRefGroup = 87F2E8381D6632B000FA4CD2 /* Products */;
			projectDirPath = "";
			projectRoot = "";
			targets = (
				87F2E8361D6632B000FA4CD2 /* IguazuDemoApp */,
			);
		};
/* End PBXProject section */

/* Begin PBXResourcesBuildPhase section */
		87F2E8351D6632B000FA4CD2 /* Resources */ = {
			isa = PBXResourcesBuildPhase;
			buildActionMask = 2147483647;
			files = (
				87F2E8451D6632B000FA4CD2 /* LaunchScreen.storyboard in Resources */,
				87F2E84D1D66343E00FA4CD2 /* lx7007.igc in Resources */,
				87F0A8691DFDA29C0041EB85 /* allusa.v16.11-10.1.txt in Resources */,
				87F2E8421D6632B000FA4CD2 /* Assets.xcassets in Resources */,
				877B9D3A1DFC257400D2EB91 /* DAeC_Germany_Week22_2016.txt in Resources */,
				87F2E8401D6632B000FA4CD2 /* Main.storyboard in Resources */,
			);
			runOnlyForDeploymentPostprocessing = 0;
		};
/* End PBXResourcesBuildPhase section */

/* Begin PBXSourcesBuildPhase section */
		87F2E8331D6632B000FA4CD2 /* Sources */ = {
			isa = PBXSourcesBuildPhase;
			buildActionMask = 2147483647;
			files = (
				87F2E83D1D6632B000FA4CD2 /* ViewController.swift in Sources */,
				87F2E83B1D6632B000FA4CD2 /* AppDelegate.swift in Sources */,
			);
			runOnlyForDeploymentPostprocessing = 0;
		};
/* End PBXSourcesBuildPhase section */

/* Begin PBXVariantGroup section */
		87F2E83E1D6632B000FA4CD2 /* Main.storyboard */ = {
			isa = PBXVariantGroup;
			children = (
				87F2E83F1D6632B000FA4CD2 /* Base */,
			);
			name = Main.storyboard;
			sourceTree = "<group>";
		};
		87F2E8431D6632B000FA4CD2 /* LaunchScreen.storyboard */ = {
			isa = PBXVariantGroup;
			children = (
				87F2E8441D6632B000FA4CD2 /* Base */,
			);
			name = LaunchScreen.storyboard;
			sourceTree = "<group>";
		};
/* End PBXVariantGroup section */

/* Begin XCBuildConfiguration section */
		87F2E8471D6632B000FA4CD2 /* Debug */ = {
			isa = XCBuildConfiguration;
			buildSettings = {
				ALWAYS_SEARCH_USER_PATHS = NO;
				CLANG_ANALYZER_NONNULL = YES;
				CLANG_CXX_LANGUAGE_STANDARD = "gnu++0x";
				CLANG_CXX_LIBRARY = "libc++";
				CLANG_ENABLE_MODULES = YES;
				CLANG_ENABLE_OBJC_ARC = YES;
				CLANG_WARN_BOOL_CONVERSION = YES;
				CLANG_WARN_CONSTANT_CONVERSION = YES;
				CLANG_WARN_DIRECT_OBJC_ISA_USAGE = YES_ERROR;
				CLANG_WARN_DOCUMENTATION_COMMENTS = YES;
				CLANG_WARN_EMPTY_BODY = YES;
				CLANG_WARN_ENUM_CONVERSION = YES;
				CLANG_WARN_INFINITE_RECURSION = YES;
				CLANG_WARN_INT_CONVERSION = YES;
				CLANG_WARN_OBJC_ROOT_CLASS = YES_ERROR;
				CLANG_WARN_SUSPICIOUS_MOVE = YES;
				CLANG_WARN_SUSPICIOUS_MOVES = YES;
				CLANG_WARN_UNREACHABLE_CODE = YES;
				CLANG_WARN__DUPLICATE_METHOD_MATCH = YES;
				"CODE_SIGN_IDENTITY[sdk=iphoneos*]" = "iPhone Developer";
				COPY_PHASE_STRIP = NO;
				DEBUG_INFORMATION_FORMAT = dwarf;
				ENABLE_STRICT_OBJC_MSGSEND = YES;
				ENABLE_TESTABILITY = YES;
				GCC_C_LANGUAGE_STANDARD = gnu99;
				GCC_DYNAMIC_NO_PIC = NO;
				GCC_NO_COMMON_BLOCKS = YES;
				GCC_OPTIMIZATION_LEVEL = 0;
				GCC_PREPROCESSOR_DEFINITIONS = (
					"DEBUG=1",
					"$(inherited)",
				);
				GCC_WARN_64_TO_32_BIT_CONVERSION = YES;
				GCC_WARN_ABOUT_RETURN_TYPE = YES_ERROR;
				GCC_WARN_UNDECLARED_SELECTOR = YES;
				GCC_WARN_UNINITIALIZED_AUTOS = YES_AGGRESSIVE;
				GCC_WARN_UNUSED_FUNCTION = YES;
				GCC_WARN_UNUSED_VARIABLE = YES;
				IPHONEOS_DEPLOYMENT_TARGET = 10.0;
				MTL_ENABLE_DEBUG_INFO = YES;
				ONLY_ACTIVE_ARCH = YES;
				SDKROOT = iphoneos;
				SWIFT_ACTIVE_COMPILATION_CONDITIONS = DEBUG;
				SWIFT_OPTIMIZATION_LEVEL = "-Onone";
			};
			name = Debug;
		};
		87F2E8481D6632B000FA4CD2 /* Release */ = {
			isa = XCBuildConfiguration;
			buildSettings = {
				ALWAYS_SEARCH_USER_PATHS = NO;
				CLANG_ANALYZER_NONNULL = YES;
				CLANG_CXX_LANGUAGE_STANDARD = "gnu++0x";
				CLANG_CXX_LIBRARY = "libc++";
				CLANG_ENABLE_MODULES = YES;
				CLANG_ENABLE_OBJC_ARC = YES;
				CLANG_WARN_BOOL_CONVERSION = YES;
				CLANG_WARN_CONSTANT_CONVERSION = YES;
				CLANG_WARN_DIRECT_OBJC_ISA_USAGE = YES_ERROR;
				CLANG_WARN_DOCUMENTATION_COMMENTS = YES;
				CLANG_WARN_EMPTY_BODY = YES;
				CLANG_WARN_ENUM_CONVERSION = YES;
				CLANG_WARN_INFINITE_RECURSION = YES;
				CLANG_WARN_INT_CONVERSION = YES;
				CLANG_WARN_OBJC_ROOT_CLASS = YES_ERROR;
				CLANG_WARN_SUSPICIOUS_MOVE = YES;
				CLANG_WARN_SUSPICIOUS_MOVES = YES;
				CLANG_WARN_UNREACHABLE_CODE = YES;
				CLANG_WARN__DUPLICATE_METHOD_MATCH = YES;
				"CODE_SIGN_IDENTITY[sdk=iphoneos*]" = "iPhone Developer";
				COPY_PHASE_STRIP = NO;
				DEBUG_INFORMATION_FORMAT = "dwarf-with-dsym";
				ENABLE_NS_ASSERTIONS = NO;
				ENABLE_STRICT_OBJC_MSGSEND = YES;
				GCC_C_LANGUAGE_STANDARD = gnu99;
				GCC_NO_COMMON_BLOCKS = YES;
				GCC_WARN_64_TO_32_BIT_CONVERSION = YES;
				GCC_WARN_ABOUT_RETURN_TYPE = YES_ERROR;
				GCC_WARN_UNDECLARED_SELECTOR = YES;
				GCC_WARN_UNINITIALIZED_AUTOS = YES_AGGRESSIVE;
				GCC_WARN_UNUSED_FUNCTION = YES;
				GCC_WARN_UNUSED_VARIABLE = YES;
				IPHONEOS_DEPLOYMENT_TARGET = 10.0;
				MTL_ENABLE_DEBUG_INFO = NO;
				SDKROOT = iphoneos;
				SWIFT_OPTIMIZATION_LEVEL = "-Owholemodule";
				VALIDATE_PRODUCT = YES;
			};
			name = Release;
		};
		87F2E84A1D6632B000FA4CD2 /* Debug */ = {
			isa = XCBuildConfiguration;
			buildSettings = {
				ASSETCATALOG_COMPILER_APPICON_NAME = AppIcon;
				DEVELOPMENT_TEAM = MFRY9RPA96;
				INFOPLIST_FILE = IguazuDemoApp/Info.plist;
				LD_RUNPATH_SEARCH_PATHS = "$(inherited) @executable_path/Frameworks";
				PRODUCT_BUNDLE_IDENTIFIER = com.fifteenjugglers.IguazuDemoApp;
				PRODUCT_NAME = "$(TARGET_NAME)";
				SWIFT_VERSION = 3.0;
			};
			name = Debug;
		};
		87F2E84B1D6632B000FA4CD2 /* Release */ = {
			isa = XCBuildConfiguration;
			buildSettings = {
				ASSETCATALOG_COMPILER_APPICON_NAME = AppIcon;
				DEVELOPMENT_TEAM = MFRY9RPA96;
				INFOPLIST_FILE = IguazuDemoApp/Info.plist;
				LD_RUNPATH_SEARCH_PATHS = "$(inherited) @executable_path/Frameworks";
				PRODUCT_BUNDLE_IDENTIFIER = com.fifteenjugglers.IguazuDemoApp;
				PRODUCT_NAME = "$(TARGET_NAME)";
				SWIFT_VERSION = 3.0;
			};
			name = Release;
		};
/* End XCBuildConfiguration section */

/* Begin XCConfigurationList section */
		87F2E8321D6632B000FA4CD2 /* Build configuration list for PBXProject "IguazuDemoApp" */ = {
			isa = XCConfigurationList;
			buildConfigurations = (
				87F2E8471D6632B000FA4CD2 /* Debug */,
				87F2E8481D6632B000FA4CD2 /* Release */,
			);
			defaultConfigurationIsVisible = 0;
			defaultConfigurationName = Release;
		};
		87F2E8491D6632B000FA4CD2 /* Build configuration list for PBXNativeTarget "IguazuDemoApp" */ = {
			isa = XCConfigurationList;
			buildConfigurations = (
				87F2E84A1D6632B000FA4CD2 /* Debug */,
				87F2E84B1D6632B000FA4CD2 /* Release */,
			);
			defaultConfigurationIsVisible = 0;
			defaultConfigurationName = Release;
		};
/* End XCConfigurationList section */
	};
	rootObject = 87F2E82F1D6632B000FA4CD2 /* Project object */;
}
