// !$*UTF8*$!
{
	archiveVersion = 1;
	classes = {
	};
	objectVersion = 46;
	objects = {

/* Begin PBXBuildFile section */
		51EDE51D20BC7B3D00F53408 /* GeoJsonEncodable.swift in Sources */ = {isa = PBXBuildFile; fileRef = 51EDE51C20BC7B3D00F53408 /* GeoJsonEncodable.swift */; };
		8716DE371D115D63005312B2 /* IGCHeaderTests.swift in Sources */ = {isa = PBXBuildFile; fileRef = 8716DE361D115D63005312B2 /* IGCHeaderTests.swift */; };
		871E012B1DFC72AD0072487D /* AirSpaceMapDelegate.swift in Sources */ = {isa = PBXBuildFile; fileRef = 871E012A1DFC72AD0072487D /* AirSpaceMapDelegate.swift */; };
		8722EF311D0DD90500DA4509 /* Iguazu.h in Headers */ = {isa = PBXBuildFile; fileRef = 8722EF301D0DD90500DA4509 /* Iguazu.h */; settings = {ATTRIBUTES = (Public, ); }; };
		8722EF381D0DD90500DA4509 /* Iguazu.framework in Frameworks */ = {isa = PBXBuildFile; fileRef = 8722EF2D1D0DD90500DA4509 /* Iguazu.framework */; };
		8722EF481D0DDB8200DA4509 /* IGCData.swift in Sources */ = {isa = PBXBuildFile; fileRef = 8722EF471D0DDB8200DA4509 /* IGCData.swift */; };
		8722EF4B1D0DDC1D00DA4509 /* lx7007.igc in Resources */ = {isa = PBXBuildFile; fileRef = 8722EF4A1D0DDC1D00DA4509 /* lx7007.igc */; };
		8722EF4D1D0DDCEC00DA4509 /* IGCHeader.swift in Sources */ = {isa = PBXBuildFile; fileRef = 8722EF4C1D0DDCEC00DA4509 /* IGCHeader.swift */; };
		8722EF511D0DEF2A00DA4509 /* IGCRecord.swift in Sources */ = {isa = PBXBuildFile; fileRef = 8722EF501D0DEF2A00DA4509 /* IGCRecord.swift */; };
		873B5E01248689EE00765123 /* 2020-06-01-XCM-09K-01.igc in Resources */ = {isa = PBXBuildFile; fileRef = 873B5E00248689EE00765123 /* 2020-06-01-XCM-09K-01.igc */; };
		873CB3141DB3708800A6325E /* DateExtensions.swift in Sources */ = {isa = PBXBuildFile; fileRef = 873CB3131DB3708800A6325E /* DateExtensions.swift */; };
		873CB3161DB3718300A6325E /* IGCFix.swift in Sources */ = {isa = PBXBuildFile; fileRef = 873CB3151DB3718300A6325E /* IGCFix.swift */; };
		873CB3181DB3778500A6325E /* IGCFixTests.swift in Sources */ = {isa = PBXBuildFile; fileRef = 873CB3171DB3778500A6325E /* IGCFixTests.swift */; };
		8745976222514E50004921BF /* WP2019_Luesse.cup in Resources */ = {isa = PBXBuildFile; fileRef = 8745976122514E4F004921BF /* WP2019_Luesse.cup */; };
		8745976422514E61004921BF /* WaypointTests.swift in Sources */ = {isa = PBXBuildFile; fileRef = 8745976322514E61004921BF /* WaypointTests.swift */; };
		8745AD51226BA5F00088A45B /* SwiftSimplify.swift in Sources */ = {isa = PBXBuildFile; fileRef = 8745AD50226BA5F00088A45B /* SwiftSimplify.swift */; };
		8745AD52226BA5F00088A45B /* SwiftSimplify.swift in Sources */ = {isa = PBXBuildFile; fileRef = 8745AD50226BA5F00088A45B /* SwiftSimplify.swift */; };
		874F49251D1489490019DC30 /* IGCExtensionTests.swift in Sources */ = {isa = PBXBuildFile; fileRef = 874F49241D1489490019DC30 /* IGCExtensionTests.swift */; };
		8756922223E37CA200C3379E /* ArrayExtensions.swift in Sources */ = {isa = PBXBuildFile; fileRef = 8756921F23E37CA200C3379E /* ArrayExtensions.swift */; };
		8756922323E37CA200C3379E /* ArrayExtensions.swift in Sources */ = {isa = PBXBuildFile; fileRef = 8756921F23E37CA200C3379E /* ArrayExtensions.swift */; };
		8756922423E37CA200C3379E /* ThreadSafe.swift in Sources */ = {isa = PBXBuildFile; fileRef = 8756922023E37CA200C3379E /* ThreadSafe.swift */; };
		8756922523E37CA200C3379E /* ThreadSafe.swift in Sources */ = {isa = PBXBuildFile; fileRef = 8756922023E37CA200C3379E /* ThreadSafe.swift */; };
		8756922623E37CA200C3379E /* LazyBox.swift in Sources */ = {isa = PBXBuildFile; fileRef = 8756922123E37CA200C3379E /* LazyBox.swift */; };
		8756922723E37CA200C3379E /* LazyBox.swift in Sources */ = {isa = PBXBuildFile; fileRef = 8756922123E37CA200C3379E /* LazyBox.swift */; };
		8756922923E37CDD00C3379E /* IGCTask.swift in Sources */ = {isa = PBXBuildFile; fileRef = 8756922823E37CDD00C3379E /* IGCTask.swift */; };
		8756922A23E37CDD00C3379E /* IGCTask.swift in Sources */ = {isa = PBXBuildFile; fileRef = 8756922823E37CDD00C3379E /* IGCTask.swift */; };
		8756922C23E37CF700C3379E /* IGCWaypoint.swift in Sources */ = {isa = PBXBuildFile; fileRef = 8756922B23E37CF600C3379E /* IGCWaypoint.swift */; };
		8756922D23E37CF700C3379E /* IGCWaypoint.swift in Sources */ = {isa = PBXBuildFile; fileRef = 8756922B23E37CF600C3379E /* IGCWaypoint.swift */; };
		876536AA245766D400FA1723 /* corrupted.igc in Resources */ = {isa = PBXBuildFile; fileRef = 876536A9245766D400FA1723 /* corrupted.igc */; };
		876CBA3D1D10659200C125AC /* IGCExtension.swift in Sources */ = {isa = PBXBuildFile; fileRef = 876CBA3C1D10659200C125AC /* IGCExtension.swift */; };
		87720D8C24366260005EDFBA /* oudie.igc in Resources */ = {isa = PBXBuildFile; fileRef = 87720D8B24366260005EDFBA /* oudie.igc */; };
		87720D8E24366A11005EDFBA /* Commas.cup in Resources */ = {isa = PBXBuildFile; fileRef = 87720D8D24366A11005EDFBA /* Commas.cup */; };
		877A18971D18367A00EC6E41 /* StringExtensions.swift in Sources */ = {isa = PBXBuildFile; fileRef = 877A18961D18367A00EC6E41 /* StringExtensions.swift */; };
		877A18991D18370100EC6E41 /* StringExtensionsTests.swift in Sources */ = {isa = PBXBuildFile; fileRef = 877A18981D18370100EC6E41 /* StringExtensionsTests.swift */; };
		877B9CF11DFC1B6700D2EB91 /* AirSpace.swift in Sources */ = {isa = PBXBuildFile; fileRef = 877B9CF01DFC1B6700D2EB91 /* AirSpace.swift */; };
		877B9CF31DFC1BAB00D2EB91 /* CLLocationCoordinate2DExtensions.swift in Sources */ = {isa = PBXBuildFile; fileRef = 877B9CF21DFC1BAB00D2EB91 /* CLLocationCoordinate2DExtensions.swift */; };
		877B9CF51DFC1BE300D2EB91 /* CharacterSetExtensions.swift in Sources */ = {isa = PBXBuildFile; fileRef = 877B9CF41DFC1BE300D2EB91 /* CharacterSetExtensions.swift */; };
		877B9CF71DFC1C0F00D2EB91 /* ScannerExtensions.swift in Sources */ = {isa = PBXBuildFile; fileRef = 877B9CF61DFC1C0F00D2EB91 /* ScannerExtensions.swift */; };
		877B9CF91DFC1C4600D2EB91 /* DAeC_Germany_Week22_2016.txt in Resources */ = {isa = PBXBuildFile; fileRef = 877B9CF81DFC1C4600D2EB91 /* DAeC_Germany_Week22_2016.txt */; };
		877B9CFB1DFC1D8C00D2EB91 /* AirSpaceTests.swift in Sources */ = {isa = PBXBuildFile; fileRef = 877B9CFA1DFC1D8C00D2EB91 /* AirSpaceTests.swift */; };
		877B9D121DFC225800D2EB91 /* IguazuPerformanceTests.swift in Sources */ = {isa = PBXBuildFile; fileRef = 877B9D111DFC225800D2EB91 /* IguazuPerformanceTests.swift */; };
		877B9D141DFC225800D2EB91 /* Iguazu.framework in Frameworks */ = {isa = PBXBuildFile; fileRef = 8722EF2D1D0DD90500DA4509 /* Iguazu.framework */; };
		877B9D1A1DFC22C000D2EB91 /* DAeC_Germany_Week22_2016.txt in Resources */ = {isa = PBXBuildFile; fileRef = 877B9CF81DFC1C4600D2EB91 /* DAeC_Germany_Week22_2016.txt */; };
		87913B4C240C6D8000098CF4 /* PointOfInterest.swift in Sources */ = {isa = PBXBuildFile; fileRef = 87913B4A240C6D8000098CF4 /* PointOfInterest.swift */; };
		87913B4D240C6D8000098CF4 /* PointOfInterest.swift in Sources */ = {isa = PBXBuildFile; fileRef = 87913B4A240C6D8000098CF4 /* PointOfInterest.swift */; };
		87913B4E240C6D8000098CF4 /* CUPParser.swift in Sources */ = {isa = PBXBuildFile; fileRef = 87913B4B240C6D8000098CF4 /* CUPParser.swift */; };
		87913B4F240C6D8000098CF4 /* CUPParser.swift in Sources */ = {isa = PBXBuildFile; fileRef = 87913B4B240C6D8000098CF4 /* CUPParser.swift */; };
		87AFE82E22AE6F23006D1B78 /* AirportTests.swift in Sources */ = {isa = PBXBuildFile; fileRef = 87AFE82D22AE6F23006D1B78 /* AirportTests.swift */; };
		87AFE83022AE6F51006D1B78 /* airports.cup in Resources */ = {isa = PBXBuildFile; fileRef = 87AFE82F22AE6F51006D1B78 /* airports.cup */; };
		87BB56D11DB37A5D00379BE0 /* DateExtensionsTests.swift in Sources */ = {isa = PBXBuildFile; fileRef = 87BB56D01DB37A5D00379BE0 /* DateExtensionsTests.swift */; };
		87C2F8BF2476B27B003E1D68 /* 05DLGD01_rst.igc in Resources */ = {isa = PBXBuildFile; fileRef = 87C2F8BE2476B27B003E1D68 /* 05DLGD01_rst.igc */; };
		87E65D86226A3CBE001B25BE /* Iguazu_macOS.framework in Frameworks */ = {isa = PBXBuildFile; fileRef = 87E65D7D226A3CBD001B25BE /* Iguazu_macOS.framework */; };
		87E65D8D226A3CBE001B25BE /* Iguazu_macOS.h in Headers */ = {isa = PBXBuildFile; fileRef = 87E65D7F226A3CBD001B25BE /* Iguazu_macOS.h */; settings = {ATTRIBUTES = (Public, ); }; };
		87E65D94226A41C1001B25BE /* AirSpace.swift in Sources */ = {isa = PBXBuildFile; fileRef = 877B9CF01DFC1B6700D2EB91 /* AirSpace.swift */; };
		87E65D95226A41C1001B25BE /* AirSpaceMapDelegate.swift in Sources */ = {isa = PBXBuildFile; fileRef = 871E012A1DFC72AD0072487D /* AirSpaceMapDelegate.swift */; };
		87E65D96226A41C1001B25BE /* GeoJsonEncodable.swift in Sources */ = {isa = PBXBuildFile; fileRef = 51EDE51C20BC7B3D00F53408 /* GeoJsonEncodable.swift */; };
		87E65D98226A41C1001B25BE /* CharacterSetExtensions.swift in Sources */ = {isa = PBXBuildFile; fileRef = 877B9CF41DFC1BE300D2EB91 /* CharacterSetExtensions.swift */; };
		87E65D99226A41C1001B25BE /* CLLocationCoordinate2DExtensions.swift in Sources */ = {isa = PBXBuildFile; fileRef = 877B9CF21DFC1BAB00D2EB91 /* CLLocationCoordinate2DExtensions.swift */; };
		87E65D9A226A41C1001B25BE /* DateExtensions.swift in Sources */ = {isa = PBXBuildFile; fileRef = 873CB3131DB3708800A6325E /* DateExtensions.swift */; };
		87E65D9B226A41C1001B25BE /* ScannerExtensions.swift in Sources */ = {isa = PBXBuildFile; fileRef = 877B9CF61DFC1C0F00D2EB91 /* ScannerExtensions.swift */; };
		87E65D9C226A41C1001B25BE /* StringExtensions.swift in Sources */ = {isa = PBXBuildFile; fileRef = 877A18961D18367A00EC6E41 /* StringExtensions.swift */; };
		87E65D9D226A41C1001B25BE /* IGCData.swift in Sources */ = {isa = PBXBuildFile; fileRef = 8722EF471D0DDB8200DA4509 /* IGCData.swift */; };
		87E65D9E226A41C1001B25BE /* IGCExtension.swift in Sources */ = {isa = PBXBuildFile; fileRef = 876CBA3C1D10659200C125AC /* IGCExtension.swift */; };
		87E65D9F226A41C1001B25BE /* IGCFix.swift in Sources */ = {isa = PBXBuildFile; fileRef = 873CB3151DB3718300A6325E /* IGCFix.swift */; };
		87E65DA0226A41C1001B25BE /* IGCHeader.swift in Sources */ = {isa = PBXBuildFile; fileRef = 8722EF4C1D0DDCEC00DA4509 /* IGCHeader.swift */; };
		87E65DA1226A41C1001B25BE /* IGCRecord.swift in Sources */ = {isa = PBXBuildFile; fileRef = 8722EF501D0DEF2A00DA4509 /* IGCRecord.swift */; };
		87FA6A6B1D12D10F000C5F7E /* IGCDataTests.swift in Sources */ = {isa = PBXBuildFile; fileRef = 87FA6A6A1D12D10F000C5F7E /* IGCDataTests.swift */; };
/* End PBXBuildFile section */

/* Begin PBXContainerItemProxy section */
		8722EF391D0DD90500DA4509 /* PBXContainerItemProxy */ = {
			isa = PBXContainerItemProxy;
			containerPortal = 8722EF241D0DD90500DA4509 /* Project object */;
			proxyType = 1;
			remoteGlobalIDString = 8722EF2C1D0DD90500DA4509;
			remoteInfo = Iguazu;
		};
		877B9D151DFC225800D2EB91 /* PBXContainerItemProxy */ = {
			isa = PBXContainerItemProxy;
			containerPortal = 8722EF241D0DD90500DA4509 /* Project object */;
			proxyType = 1;
			remoteGlobalIDString = 8722EF2C1D0DD90500DA4509;
			remoteInfo = Iguazu;
		};
		87E65D87226A3CBE001B25BE /* PBXContainerItemProxy */ = {
			isa = PBXContainerItemProxy;
			containerPortal = 8722EF241D0DD90500DA4509 /* Project object */;
			proxyType = 1;
			remoteGlobalIDString = 87E65D7C226A3CBD001B25BE;
			remoteInfo = "Iguazu-macOS";
		};
/* End PBXContainerItemProxy section */

/* Begin PBXFileReference section */
		51EDE51C20BC7B3D00F53408 /* GeoJsonEncodable.swift */ = {isa = PBXFileReference; lastKnownFileType = sourcecode.swift; path = GeoJsonEncodable.swift; sourceTree = "<group>"; };
		8716DE361D115D63005312B2 /* IGCHeaderTests.swift */ = {isa = PBXFileReference; fileEncoding = 4; lastKnownFileType = sourcecode.swift; path = IGCHeaderTests.swift; sourceTree = "<group>"; };
		871E012A1DFC72AD0072487D /* AirSpaceMapDelegate.swift */ = {isa = PBXFileReference; fileEncoding = 4; lastKnownFileType = sourcecode.swift; path = AirSpaceMapDelegate.swift; sourceTree = "<group>"; };
		8722EF2D1D0DD90500DA4509 /* Iguazu.framework */ = {isa = PBXFileReference; explicitFileType = wrapper.framework; includeInIndex = 0; path = Iguazu.framework; sourceTree = BUILT_PRODUCTS_DIR; };
		8722EF301D0DD90500DA4509 /* Iguazu.h */ = {isa = PBXFileReference; lastKnownFileType = sourcecode.c.h; path = Iguazu.h; sourceTree = "<group>"; };
		8722EF321D0DD90500DA4509 /* Info.plist */ = {isa = PBXFileReference; lastKnownFileType = text.plist.xml; path = Info.plist; sourceTree = "<group>"; };
		8722EF371D0DD90500DA4509 /* IguazuTests.xctest */ = {isa = PBXFileReference; explicitFileType = wrapper.cfbundle; includeInIndex = 0; path = IguazuTests.xctest; sourceTree = BUILT_PRODUCTS_DIR; };
		8722EF3E1D0DD90500DA4509 /* Info.plist */ = {isa = PBXFileReference; lastKnownFileType = text.plist.xml; path = Info.plist; sourceTree = "<group>"; };
		8722EF471D0DDB8200DA4509 /* IGCData.swift */ = {isa = PBXFileReference; fileEncoding = 4; lastKnownFileType = sourcecode.swift; path = IGCData.swift; sourceTree = "<group>"; };
		8722EF4A1D0DDC1D00DA4509 /* lx7007.igc */ = {isa = PBXFileReference; fileEncoding = 4; lastKnownFileType = text; path = lx7007.igc; sourceTree = "<group>"; };
		8722EF4C1D0DDCEC00DA4509 /* IGCHeader.swift */ = {isa = PBXFileReference; fileEncoding = 4; lastKnownFileType = sourcecode.swift; path = IGCHeader.swift; sourceTree = "<group>"; };
		8722EF501D0DEF2A00DA4509 /* IGCRecord.swift */ = {isa = PBXFileReference; fileEncoding = 4; lastKnownFileType = sourcecode.swift; path = IGCRecord.swift; sourceTree = "<group>"; };
		873B5E00248689EE00765123 /* 2020-06-01-XCM-09K-01.igc */ = {isa = PBXFileReference; fileEncoding = 4; lastKnownFileType = text; path = "2020-06-01-XCM-09K-01.igc"; sourceTree = "<group>"; };
		873CB3131DB3708800A6325E /* DateExtensions.swift */ = {isa = PBXFileReference; fileEncoding = 4; lastKnownFileType = sourcecode.swift; path = DateExtensions.swift; sourceTree = "<group>"; };
		873CB3151DB3718300A6325E /* IGCFix.swift */ = {isa = PBXFileReference; fileEncoding = 4; lastKnownFileType = sourcecode.swift; path = IGCFix.swift; sourceTree = "<group>"; };
		873CB3171DB3778500A6325E /* IGCFixTests.swift */ = {isa = PBXFileReference; fileEncoding = 4; lastKnownFileType = sourcecode.swift; path = IGCFixTests.swift; sourceTree = "<group>"; };
		8745976122514E4F004921BF /* WP2019_Luesse.cup */ = {isa = PBXFileReference; fileEncoding = 4; lastKnownFileType = text; path = WP2019_Luesse.cup; sourceTree = "<group>"; };
		8745976322514E61004921BF /* WaypointTests.swift */ = {isa = PBXFileReference; lastKnownFileType = sourcecode.swift; path = WaypointTests.swift; sourceTree = "<group>"; };
		8745AD50226BA5F00088A45B /* SwiftSimplify.swift */ = {isa = PBXFileReference; fileEncoding = 4; lastKnownFileType = sourcecode.swift; path = SwiftSimplify.swift; sourceTree = "<group>"; };
		874F49241D1489490019DC30 /* IGCExtensionTests.swift */ = {isa = PBXFileReference; fileEncoding = 4; lastKnownFileType = sourcecode.swift; path = IGCExtensionTests.swift; sourceTree = "<group>"; };
		8756921F23E37CA200C3379E /* ArrayExtensions.swift */ = {isa = PBXFileReference; fileEncoding = 4; lastKnownFileType = sourcecode.swift; path = ArrayExtensions.swift; sourceTree = "<group>"; };
		8756922023E37CA200C3379E /* ThreadSafe.swift */ = {isa = PBXFileReference; fileEncoding = 4; lastKnownFileType = sourcecode.swift; path = ThreadSafe.swift; sourceTree = "<group>"; };
		8756922123E37CA200C3379E /* LazyBox.swift */ = {isa = PBXFileReference; fileEncoding = 4; lastKnownFileType = sourcecode.swift; path = LazyBox.swift; sourceTree = "<group>"; };
		8756922823E37CDD00C3379E /* IGCTask.swift */ = {isa = PBXFileReference; fileEncoding = 4; lastKnownFileType = sourcecode.swift; path = IGCTask.swift; sourceTree = "<group>"; };
		8756922B23E37CF600C3379E /* IGCWaypoint.swift */ = {isa = PBXFileReference; fileEncoding = 4; lastKnownFileType = sourcecode.swift; path = IGCWaypoint.swift; sourceTree = "<group>"; };
		876536A9245766D400FA1723 /* corrupted.igc */ = {isa = PBXFileReference; lastKnownFileType = text; path = corrupted.igc; sourceTree = "<group>"; };
		876CBA3C1D10659200C125AC /* IGCExtension.swift */ = {isa = PBXFileReference; fileEncoding = 4; lastKnownFileType = sourcecode.swift; path = IGCExtension.swift; sourceTree = "<group>"; };
		87720D8B24366260005EDFBA /* oudie.igc */ = {isa = PBXFileReference; lastKnownFileType = text; path = oudie.igc; sourceTree = "<group>"; };
		87720D8D24366A11005EDFBA /* Commas.cup */ = {isa = PBXFileReference; lastKnownFileType = text; path = Commas.cup; sourceTree = "<group>"; };
		877A18961D18367A00EC6E41 /* StringExtensions.swift */ = {isa = PBXFileReference; fileEncoding = 4; lastKnownFileType = sourcecode.swift; path = StringExtensions.swift; sourceTree = "<group>"; };
		877A18981D18370100EC6E41 /* StringExtensionsTests.swift */ = {isa = PBXFileReference; fileEncoding = 4; lastKnownFileType = sourcecode.swift; path = StringExtensionsTests.swift; sourceTree = "<group>"; };
		877B9CF01DFC1B6700D2EB91 /* AirSpace.swift */ = {isa = PBXFileReference; fileEncoding = 4; lastKnownFileType = sourcecode.swift; path = AirSpace.swift; sourceTree = "<group>"; };
		877B9CF21DFC1BAB00D2EB91 /* CLLocationCoordinate2DExtensions.swift */ = {isa = PBXFileReference; fileEncoding = 4; lastKnownFileType = sourcecode.swift; path = CLLocationCoordinate2DExtensions.swift; sourceTree = "<group>"; };
		877B9CF41DFC1BE300D2EB91 /* CharacterSetExtensions.swift */ = {isa = PBXFileReference; fileEncoding = 4; lastKnownFileType = sourcecode.swift; path = CharacterSetExtensions.swift; sourceTree = "<group>"; };
		877B9CF61DFC1C0F00D2EB91 /* ScannerExtensions.swift */ = {isa = PBXFileReference; fileEncoding = 4; lastKnownFileType = sourcecode.swift; path = ScannerExtensions.swift; sourceTree = "<group>"; };
		877B9CF81DFC1C4600D2EB91 /* DAeC_Germany_Week22_2016.txt */ = {isa = PBXFileReference; fileEncoding = 4; lastKnownFileType = text; path = DAeC_Germany_Week22_2016.txt; sourceTree = "<group>"; };
		877B9CFA1DFC1D8C00D2EB91 /* AirSpaceTests.swift */ = {isa = PBXFileReference; fileEncoding = 4; lastKnownFileType = sourcecode.swift; path = AirSpaceTests.swift; sourceTree = "<group>"; };
		877B9D0F1DFC225800D2EB91 /* IguazuPerformanceTests.xctest */ = {isa = PBXFileReference; explicitFileType = wrapper.cfbundle; includeInIndex = 0; path = IguazuPerformanceTests.xctest; sourceTree = BUILT_PRODUCTS_DIR; };
		877B9D111DFC225800D2EB91 /* IguazuPerformanceTests.swift */ = {isa = PBXFileReference; lastKnownFileType = sourcecode.swift; path = IguazuPerformanceTests.swift; sourceTree = "<group>"; };
		877B9D131DFC225800D2EB91 /* Info.plist */ = {isa = PBXFileReference; lastKnownFileType = text.plist.xml; path = Info.plist; sourceTree = "<group>"; };
		87913B4A240C6D8000098CF4 /* PointOfInterest.swift */ = {isa = PBXFileReference; fileEncoding = 4; lastKnownFileType = sourcecode.swift; path = PointOfInterest.swift; sourceTree = "<group>"; };
		87913B4B240C6D8000098CF4 /* CUPParser.swift */ = {isa = PBXFileReference; fileEncoding = 4; lastKnownFileType = sourcecode.swift; path = CUPParser.swift; sourceTree = "<group>"; };
		87AFE82D22AE6F23006D1B78 /* AirportTests.swift */ = {isa = PBXFileReference; lastKnownFileType = sourcecode.swift; path = AirportTests.swift; sourceTree = "<group>"; };
		87AFE82F22AE6F51006D1B78 /* airports.cup */ = {isa = PBXFileReference; fileEncoding = 4; lastKnownFileType = text; path = airports.cup; sourceTree = "<group>"; };
		87BB56D01DB37A5D00379BE0 /* DateExtensionsTests.swift */ = {isa = PBXFileReference; fileEncoding = 4; lastKnownFileType = sourcecode.swift; path = DateExtensionsTests.swift; sourceTree = "<group>"; };
		87C2F8BE2476B27B003E1D68 /* 05DLGD01_rst.igc */ = {isa = PBXFileReference; fileEncoding = 4; lastKnownFileType = text; path = 05DLGD01_rst.igc; sourceTree = "<group>"; };
		87E65D7D226A3CBD001B25BE /* Iguazu_macOS.framework */ = {isa = PBXFileReference; explicitFileType = wrapper.framework; includeInIndex = 0; path = Iguazu_macOS.framework; sourceTree = BUILT_PRODUCTS_DIR; };
		87E65D7F226A3CBD001B25BE /* Iguazu_macOS.h */ = {isa = PBXFileReference; lastKnownFileType = sourcecode.c.h; path = Iguazu_macOS.h; sourceTree = "<group>"; };
		87E65D80226A3CBD001B25BE /* Info.plist */ = {isa = PBXFileReference; lastKnownFileType = text.plist.xml; path = Info.plist; sourceTree = "<group>"; };
		87E65D85226A3CBD001B25BE /* Iguazu-macOSTests.xctest */ = {isa = PBXFileReference; explicitFileType = wrapper.cfbundle; includeInIndex = 0; path = "Iguazu-macOSTests.xctest"; sourceTree = BUILT_PRODUCTS_DIR; };
		87FA6A6A1D12D10F000C5F7E /* IGCDataTests.swift */ = {isa = PBXFileReference; fileEncoding = 4; lastKnownFileType = sourcecode.swift; path = IGCDataTests.swift; sourceTree = "<group>"; };
/* End PBXFileReference section */

/* Begin PBXFrameworksBuildPhase section */
		8722EF291D0DD90500DA4509 /* Frameworks */ = {
			isa = PBXFrameworksBuildPhase;
			buildActionMask = 2147483647;
			files = (
			);
			runOnlyForDeploymentPostprocessing = 0;
		};
		8722EF341D0DD90500DA4509 /* Frameworks */ = {
			isa = PBXFrameworksBuildPhase;
			buildActionMask = 2147483647;
			files = (
				8722EF381D0DD90500DA4509 /* Iguazu.framework in Frameworks */,
			);
			runOnlyForDeploymentPostprocessing = 0;
		};
		877B9D0C1DFC225800D2EB91 /* Frameworks */ = {
			isa = PBXFrameworksBuildPhase;
			buildActionMask = 2147483647;
			files = (
				877B9D141DFC225800D2EB91 /* Iguazu.framework in Frameworks */,
			);
			runOnlyForDeploymentPostprocessing = 0;
		};
		87E65D7A226A3CBD001B25BE /* Frameworks */ = {
			isa = PBXFrameworksBuildPhase;
			buildActionMask = 2147483647;
			files = (
			);
			runOnlyForDeploymentPostprocessing = 0;
		};
		87E65D82226A3CBD001B25BE /* Frameworks */ = {
			isa = PBXFrameworksBuildPhase;
			buildActionMask = 2147483647;
			files = (
				87E65D86226A3CBE001B25BE /* Iguazu_macOS.framework in Frameworks */,
			);
			runOnlyForDeploymentPostprocessing = 0;
		};
/* End PBXFrameworksBuildPhase section */

/* Begin PBXGroup section */
		8722EF231D0DD90500DA4509 = {
			isa = PBXGroup;
			children = (
				8722EF2F1D0DD90500DA4509 /* Iguazu */,
				8722EF3B1D0DD90500DA4509 /* IguazuTests */,
				877B9D101DFC225800D2EB91 /* IguazuPerformanceTests */,
				87E65D7E226A3CBD001B25BE /* Iguazu-macOS */,
				8722EF2E1D0DD90500DA4509 /* Products */,
			);
			sourceTree = "<group>";
		};
		8722EF2E1D0DD90500DA4509 /* Products */ = {
			isa = PBXGroup;
			children = (
				8722EF2D1D0DD90500DA4509 /* Iguazu.framework */,
				8722EF371D0DD90500DA4509 /* IguazuTests.xctest */,
				877B9D0F1DFC225800D2EB91 /* IguazuPerformanceTests.xctest */,
				87E65D7D226A3CBD001B25BE /* Iguazu_macOS.framework */,
				87E65D85226A3CBD001B25BE /* Iguazu-macOSTests.xctest */,
			);
			name = Products;
			sourceTree = "<group>";
		};
		8722EF2F1D0DD90500DA4509 /* Iguazu */ = {
			isa = PBXGroup;
			children = (
				8745975C2251426D004921BF /* AirSpace */,
				8745975E225142CC004921BF /* CUP */,
				8745975D2251428C004921BF /* Extensions */,
				8745975B22514254004921BF /* IGC */,
				8722EF301D0DD90500DA4509 /* Iguazu.h */,
				8722EF321D0DD90500DA4509 /* Info.plist */,
				8756921E23E37CA200C3379E /* Utils */,
			);
			path = Iguazu;
			sourceTree = "<group>";
		};
		8722EF3B1D0DD90500DA4509 /* IguazuTests */ = {
			isa = PBXGroup;
			children = (
				8722EF491D0DDC0800DA4509 /* Test Files */,
				8716DE361D115D63005312B2 /* IGCHeaderTests.swift */,
				87FA6A6A1D12D10F000C5F7E /* IGCDataTests.swift */,
				874F49241D1489490019DC30 /* IGCExtensionTests.swift */,
				877A18981D18370100EC6E41 /* StringExtensionsTests.swift */,
				8722EF3E1D0DD90500DA4509 /* Info.plist */,
				873CB3171DB3778500A6325E /* IGCFixTests.swift */,
				87BB56D01DB37A5D00379BE0 /* DateExtensionsTests.swift */,
				877B9CFA1DFC1D8C00D2EB91 /* AirSpaceTests.swift */,
				8745976322514E61004921BF /* WaypointTests.swift */,
				87AFE82D22AE6F23006D1B78 /* AirportTests.swift */,
			);
			path = IguazuTests;
			sourceTree = "<group>";
		};
		8722EF491D0DDC0800DA4509 /* Test Files */ = {
			isa = PBXGroup;
			children = (
				873B5E00248689EE00765123 /* 2020-06-01-XCM-09K-01.igc */,
				87C2F8BE2476B27B003E1D68 /* 05DLGD01_rst.igc */,
				87AFE82F22AE6F51006D1B78 /* airports.cup */,
				8745976122514E4F004921BF /* WP2019_Luesse.cup */,
				877B9CF81DFC1C4600D2EB91 /* DAeC_Germany_Week22_2016.txt */,
				8722EF4A1D0DDC1D00DA4509 /* lx7007.igc */,
				87720D8B24366260005EDFBA /* oudie.igc */,
				87720D8D24366A11005EDFBA /* Commas.cup */,
				876536A9245766D400FA1723 /* corrupted.igc */,
			);
			name = "Test Files";
			sourceTree = "<group>";
		};
		8745975B22514254004921BF /* IGC */ = {
			isa = PBXGroup;
			children = (
				8722EF471D0DDB8200DA4509 /* IGCData.swift */,
				876CBA3C1D10659200C125AC /* IGCExtension.swift */,
				873CB3151DB3718300A6325E /* IGCFix.swift */,
				8722EF4C1D0DDCEC00DA4509 /* IGCHeader.swift */,
				8722EF501D0DEF2A00DA4509 /* IGCRecord.swift */,
				8756922823E37CDD00C3379E /* IGCTask.swift */,
				8756922B23E37CF600C3379E /* IGCWaypoint.swift */,
			);
			path = IGC;
			sourceTree = "<group>";
		};
		8745975C2251426D004921BF /* AirSpace */ = {
			isa = PBXGroup;
			children = (
				877B9CF01DFC1B6700D2EB91 /* AirSpace.swift */,
				871E012A1DFC72AD0072487D /* AirSpaceMapDelegate.swift */,
				51EDE51C20BC7B3D00F53408 /* GeoJsonEncodable.swift */,
			);
			path = AirSpace;
			sourceTree = "<group>";
		};
		8745975D2251428C004921BF /* Extensions */ = {
			isa = PBXGroup;
			children = (
				877B9CF41DFC1BE300D2EB91 /* CharacterSetExtensions.swift */,
				877B9CF21DFC1BAB00D2EB91 /* CLLocationCoordinate2DExtensions.swift */,
				873CB3131DB3708800A6325E /* DateExtensions.swift */,
				877B9CF61DFC1C0F00D2EB91 /* ScannerExtensions.swift */,
				877A18961D18367A00EC6E41 /* StringExtensions.swift */,
			);
			path = Extensions;
			sourceTree = "<group>";
		};
		8745975E225142CC004921BF /* CUP */ = {
			isa = PBXGroup;
			children = (
				87913B4B240C6D8000098CF4 /* CUPParser.swift */,
				87913B4A240C6D8000098CF4 /* PointOfInterest.swift */,
			);
			path = CUP;
			sourceTree = "<group>";
		};
		8756921E23E37CA200C3379E /* Utils */ = {
			isa = PBXGroup;
			children = (
				8756921F23E37CA200C3379E /* ArrayExtensions.swift */,
				8756922123E37CA200C3379E /* LazyBox.swift */,
				8745AD50226BA5F00088A45B /* SwiftSimplify.swift */,
				8756922023E37CA200C3379E /* ThreadSafe.swift */,
			);
			path = Utils;
			sourceTree = "<group>";
		};
		877B9D101DFC225800D2EB91 /* IguazuPerformanceTests */ = {
			isa = PBXGroup;
			children = (
				877B9D111DFC225800D2EB91 /* IguazuPerformanceTests.swift */,
				877B9D131DFC225800D2EB91 /* Info.plist */,
			);
			path = IguazuPerformanceTests;
			sourceTree = "<group>";
		};
		87E65D7E226A3CBD001B25BE /* Iguazu-macOS */ = {
			isa = PBXGroup;
			children = (
				87E65D7F226A3CBD001B25BE /* Iguazu_macOS.h */,
				87E65D80226A3CBD001B25BE /* Info.plist */,
			);
			path = "Iguazu-macOS";
			sourceTree = "<group>";
		};
/* End PBXGroup section */

/* Begin PBXHeadersBuildPhase section */
		8722EF2A1D0DD90500DA4509 /* Headers */ = {
			isa = PBXHeadersBuildPhase;
			buildActionMask = 2147483647;
			files = (
				8722EF311D0DD90500DA4509 /* Iguazu.h in Headers */,
			);
			runOnlyForDeploymentPostprocessing = 0;
		};
		87E65D78226A3CBD001B25BE /* Headers */ = {
			isa = PBXHeadersBuildPhase;
			buildActionMask = 2147483647;
			files = (
				87E65D8D226A3CBE001B25BE /* Iguazu_macOS.h in Headers */,
			);
			runOnlyForDeploymentPostprocessing = 0;
		};
/* End PBXHeadersBuildPhase section */

/* Begin PBXNativeTarget section */
		8722EF2C1D0DD90500DA4509 /* Iguazu */ = {
			isa = PBXNativeTarget;
			buildConfigurationList = 8722EF411D0DD90500DA4509 /* Build configuration list for PBXNativeTarget "Iguazu" */;
			buildPhases = (
				8722EF281D0DD90500DA4509 /* Sources */,
				8722EF291D0DD90500DA4509 /* Frameworks */,
				8722EF2A1D0DD90500DA4509 /* Headers */,
				8722EF2B1D0DD90500DA4509 /* Resources */,
			);
			buildRules = (
			);
			dependencies = (
			);
			name = Iguazu;
			productName = Iguazu;
			productReference = 8722EF2D1D0DD90500DA4509 /* Iguazu.framework */;
			productType = "com.apple.product-type.framework";
		};
		8722EF361D0DD90500DA4509 /* IguazuTests */ = {
			isa = PBXNativeTarget;
			buildConfigurationList = 8722EF441D0DD90500DA4509 /* Build configuration list for PBXNativeTarget "IguazuTests" */;
			buildPhases = (
				8722EF331D0DD90500DA4509 /* Sources */,
				8722EF341D0DD90500DA4509 /* Frameworks */,
				8722EF351D0DD90500DA4509 /* Resources */,
			);
			buildRules = (
			);
			dependencies = (
				8722EF3A1D0DD90500DA4509 /* PBXTargetDependency */,
			);
			name = IguazuTests;
			productName = IguazuTests;
			productReference = 8722EF371D0DD90500DA4509 /* IguazuTests.xctest */;
			productType = "com.apple.product-type.bundle.unit-test";
		};
		877B9D0E1DFC225800D2EB91 /* IguazuPerformanceTests */ = {
			isa = PBXNativeTarget;
			buildConfigurationList = 877B9D171DFC225800D2EB91 /* Build configuration list for PBXNativeTarget "IguazuPerformanceTests" */;
			buildPhases = (
				877B9D0B1DFC225800D2EB91 /* Sources */,
				877B9D0C1DFC225800D2EB91 /* Frameworks */,
				877B9D0D1DFC225800D2EB91 /* Resources */,
			);
			buildRules = (
			);
			dependencies = (
				877B9D161DFC225800D2EB91 /* PBXTargetDependency */,
			);
			name = IguazuPerformanceTests;
			productName = IguazuPerformanceTests;
			productReference = 877B9D0F1DFC225800D2EB91 /* IguazuPerformanceTests.xctest */;
			productType = "com.apple.product-type.bundle.unit-test";
		};
		87E65D7C226A3CBD001B25BE /* Iguazu-macOS */ = {
			isa = PBXNativeTarget;
			buildConfigurationList = 87E65D92226A3CBE001B25BE /* Build configuration list for PBXNativeTarget "Iguazu-macOS" */;
			buildPhases = (
				87E65D78226A3CBD001B25BE /* Headers */,
				87E65D79226A3CBD001B25BE /* Sources */,
				87E65D7A226A3CBD001B25BE /* Frameworks */,
				87E65D7B226A3CBD001B25BE /* Resources */,
			);
			buildRules = (
			);
			dependencies = (
			);
			name = "Iguazu-macOS";
			productName = "Iguazu-macOS";
			productReference = 87E65D7D226A3CBD001B25BE /* Iguazu_macOS.framework */;
			productType = "com.apple.product-type.framework";
		};
		87E65D84226A3CBD001B25BE /* Iguazu-macOSTests */ = {
			isa = PBXNativeTarget;
			buildConfigurationList = 87E65D93226A3CBE001B25BE /* Build configuration list for PBXNativeTarget "Iguazu-macOSTests" */;
			buildPhases = (
				87E65D81226A3CBD001B25BE /* Sources */,
				87E65D82226A3CBD001B25BE /* Frameworks */,
				87E65D83226A3CBD001B25BE /* Resources */,
			);
			buildRules = (
			);
			dependencies = (
				87E65D88226A3CBE001B25BE /* PBXTargetDependency */,
			);
			name = "Iguazu-macOSTests";
			productName = "Iguazu-macOSTests";
			productReference = 87E65D85226A3CBD001B25BE /* Iguazu-macOSTests.xctest */;
			productType = "com.apple.product-type.bundle.unit-test";
		};
/* End PBXNativeTarget section */

/* Begin PBXProject section */
		8722EF241D0DD90500DA4509 /* Project object */ = {
			isa = PBXProject;
			attributes = {
				LastSwiftUpdateCheck = 1020;
				LastUpgradeCheck = 1130;
				ORGANIZATIONNAME = "Fifteen Jugglers Software";
				TargetAttributes = {
					8722EF2C1D0DD90500DA4509 = {
						CreatedOnToolsVersion = 7.3.1;
						LastSwiftMigration = 1020;
					};
					8722EF361D0DD90500DA4509 = {
						CreatedOnToolsVersion = 7.3.1;
						LastSwiftMigration = 1020;
					};
					877B9D0E1DFC225800D2EB91 = {
						CreatedOnToolsVersion = 8.1;
						DevelopmentTeam = MFRY9RPA96;
						ProvisioningStyle = Automatic;
					};
					87E65D7C226A3CBD001B25BE = {
						CreatedOnToolsVersion = 10.2.1;
						DevelopmentTeam = MFRY9RPA96;
						ProvisioningStyle = Automatic;
					};
					87E65D84226A3CBD001B25BE = {
						CreatedOnToolsVersion = 10.2.1;
						DevelopmentTeam = MFRY9RPA96;
						ProvisioningStyle = Automatic;
					};
				};
			};
			buildConfigurationList = 8722EF271D0DD90500DA4509 /* Build configuration list for PBXProject "Iguazu" */;
			compatibilityVersion = "Xcode 3.2";
			developmentRegion = en;
			hasScannedForEncodings = 0;
			knownRegions = (
				en,
				Base,
			);
			mainGroup = 8722EF231D0DD90500DA4509;
			productRefGroup = 8722EF2E1D0DD90500DA4509 /* Products */;
			projectDirPath = "";
			projectRoot = "";
			targets = (
				8722EF2C1D0DD90500DA4509 /* Iguazu */,
				8722EF361D0DD90500DA4509 /* IguazuTests */,
				877B9D0E1DFC225800D2EB91 /* IguazuPerformanceTests */,
				87E65D7C226A3CBD001B25BE /* Iguazu-macOS */,
				87E65D84226A3CBD001B25BE /* Iguazu-macOSTests */,
			);
		};
/* End PBXProject section */

/* Begin PBXResourcesBuildPhase section */
		8722EF2B1D0DD90500DA4509 /* Resources */ = {
			isa = PBXResourcesBuildPhase;
			buildActionMask = 2147483647;
			files = (
			);
			runOnlyForDeploymentPostprocessing = 0;
		};
		8722EF351D0DD90500DA4509 /* Resources */ = {
			isa = PBXResourcesBuildPhase;
			buildActionMask = 2147483647;
			files = (
				87720D8E24366A11005EDFBA /* Commas.cup in Resources */,
				876536AA245766D400FA1723 /* corrupted.igc in Resources */,
				87C2F8BF2476B27B003E1D68 /* 05DLGD01_rst.igc in Resources */,
				877B9CF91DFC1C4600D2EB91 /* DAeC_Germany_Week22_2016.txt in Resources */,
				8722EF4B1D0DDC1D00DA4509 /* lx7007.igc in Resources */,
				873B5E01248689EE00765123 /* 2020-06-01-XCM-09K-01.igc in Resources */,
				87720D8C24366260005EDFBA /* oudie.igc in Resources */,
				87AFE83022AE6F51006D1B78 /* airports.cup in Resources */,
				8745976222514E50004921BF /* WP2019_Luesse.cup in Resources */,
			);
			runOnlyForDeploymentPostprocessing = 0;
		};
		877B9D0D1DFC225800D2EB91 /* Resources */ = {
			isa = PBXResourcesBuildPhase;
			buildActionMask = 2147483647;
			files = (
				877B9D1A1DFC22C000D2EB91 /* DAeC_Germany_Week22_2016.txt in Resources */,
			);
			runOnlyForDeploymentPostprocessing = 0;
		};
		87E65D7B226A3CBD001B25BE /* Resources */ = {
			isa = PBXResourcesBuildPhase;
			buildActionMask = 2147483647;
			files = (
			);
			runOnlyForDeploymentPostprocessing = 0;
		};
		87E65D83226A3CBD001B25BE /* Resources */ = {
			isa = PBXResourcesBuildPhase;
			buildActionMask = 2147483647;
			files = (
			);
			runOnlyForDeploymentPostprocessing = 0;
		};
/* End PBXResourcesBuildPhase section */

/* Begin PBXSourcesBuildPhase section */
		8722EF281D0DD90500DA4509 /* Sources */ = {
			isa = PBXSourcesBuildPhase;
			buildActionMask = 2147483647;
			files = (
				8722EF511D0DEF2A00DA4509 /* IGCRecord.swift in Sources */,
				877B9CF11DFC1B6700D2EB91 /* AirSpace.swift in Sources */,
				8756922C23E37CF700C3379E /* IGCWaypoint.swift in Sources */,
				876CBA3D1D10659200C125AC /* IGCExtension.swift in Sources */,
				8756922923E37CDD00C3379E /* IGCTask.swift in Sources */,
				8756922423E37CA200C3379E /* ThreadSafe.swift in Sources */,
				877B9CF71DFC1C0F00D2EB91 /* ScannerExtensions.swift in Sources */,
				87913B4E240C6D8000098CF4 /* CUPParser.swift in Sources */,
				877A18971D18367A00EC6E41 /* StringExtensions.swift in Sources */,
				871E012B1DFC72AD0072487D /* AirSpaceMapDelegate.swift in Sources */,
				877B9CF51DFC1BE300D2EB91 /* CharacterSetExtensions.swift in Sources */,
				8756922223E37CA200C3379E /* ArrayExtensions.swift in Sources */,
				8745AD51226BA5F00088A45B /* SwiftSimplify.swift in Sources */,
				87913B4C240C6D8000098CF4 /* PointOfInterest.swift in Sources */,
				877B9CF31DFC1BAB00D2EB91 /* CLLocationCoordinate2DExtensions.swift in Sources */,
				873CB3161DB3718300A6325E /* IGCFix.swift in Sources */,
				8756922623E37CA200C3379E /* LazyBox.swift in Sources */,
				8722EF4D1D0DDCEC00DA4509 /* IGCHeader.swift in Sources */,
				8722EF481D0DDB8200DA4509 /* IGCData.swift in Sources */,
				873CB3141DB3708800A6325E /* DateExtensions.swift in Sources */,
				51EDE51D20BC7B3D00F53408 /* GeoJsonEncodable.swift in Sources */,
			);
			runOnlyForDeploymentPostprocessing = 0;
		};
		8722EF331D0DD90500DA4509 /* Sources */ = {
			isa = PBXSourcesBuildPhase;
			buildActionMask = 2147483647;
			files = (
				87AFE82E22AE6F23006D1B78 /* AirportTests.swift in Sources */,
				8745976422514E61004921BF /* WaypointTests.swift in Sources */,
				877A18991D18370100EC6E41 /* StringExtensionsTests.swift in Sources */,
				87FA6A6B1D12D10F000C5F7E /* IGCDataTests.swift in Sources */,
				877B9CFB1DFC1D8C00D2EB91 /* AirSpaceTests.swift in Sources */,
				8716DE371D115D63005312B2 /* IGCHeaderTests.swift in Sources */,
				873CB3181DB3778500A6325E /* IGCFixTests.swift in Sources */,
				874F49251D1489490019DC30 /* IGCExtensionTests.swift in Sources */,
				87BB56D11DB37A5D00379BE0 /* DateExtensionsTests.swift in Sources */,
			);
			runOnlyForDeploymentPostprocessing = 0;
		};
		877B9D0B1DFC225800D2EB91 /* Sources */ = {
			isa = PBXSourcesBuildPhase;
			buildActionMask = 2147483647;
			files = (
				877B9D121DFC225800D2EB91 /* IguazuPerformanceTests.swift in Sources */,
			);
			runOnlyForDeploymentPostprocessing = 0;
		};
		87E65D79226A3CBD001B25BE /* Sources */ = {
			isa = PBXSourcesBuildPhase;
			buildActionMask = 2147483647;
			files = (
				87E65D94226A41C1001B25BE /* AirSpace.swift in Sources */,
				87E65D95226A41C1001B25BE /* AirSpaceMapDelegate.swift in Sources */,
				8756922D23E37CF700C3379E /* IGCWaypoint.swift in Sources */,
				87E65D96226A41C1001B25BE /* GeoJsonEncodable.swift in Sources */,
				8756922A23E37CDD00C3379E /* IGCTask.swift in Sources */,
				8756922523E37CA200C3379E /* ThreadSafe.swift in Sources */,
				87913B4F240C6D8000098CF4 /* CUPParser.swift in Sources */,
				87E65D98226A41C1001B25BE /* CharacterSetExtensions.swift in Sources */,
				87E65D99226A41C1001B25BE /* CLLocationCoordinate2DExtensions.swift in Sources */,
				87E65D9A226A41C1001B25BE /* DateExtensions.swift in Sources */,
				8756922323E37CA200C3379E /* ArrayExtensions.swift in Sources */,
				8745AD52226BA5F00088A45B /* SwiftSimplify.swift in Sources */,
				87913B4D240C6D8000098CF4 /* PointOfInterest.swift in Sources */,
				87E65D9B226A41C1001B25BE /* ScannerExtensions.swift in Sources */,
				87E65D9C226A41C1001B25BE /* StringExtensions.swift in Sources */,
				8756922723E37CA200C3379E /* LazyBox.swift in Sources */,
				87E65D9D226A41C1001B25BE /* IGCData.swift in Sources */,
				87E65D9E226A41C1001B25BE /* IGCExtension.swift in Sources */,
				87E65D9F226A41C1001B25BE /* IGCFix.swift in Sources */,
				87E65DA0226A41C1001B25BE /* IGCHeader.swift in Sources */,
				87E65DA1226A41C1001B25BE /* IGCRecord.swift in Sources */,
			);
			runOnlyForDeploymentPostprocessing = 0;
		};
		87E65D81226A3CBD001B25BE /* Sources */ = {
			isa = PBXSourcesBuildPhase;
			buildActionMask = 2147483647;
			files = (
			);
			runOnlyForDeploymentPostprocessing = 0;
		};
/* End PBXSourcesBuildPhase section */

/* Begin PBXTargetDependency section */
		8722EF3A1D0DD90500DA4509 /* PBXTargetDependency */ = {
			isa = PBXTargetDependency;
			target = 8722EF2C1D0DD90500DA4509 /* Iguazu */;
			targetProxy = 8722EF391D0DD90500DA4509 /* PBXContainerItemProxy */;
		};
		877B9D161DFC225800D2EB91 /* PBXTargetDependency */ = {
			isa = PBXTargetDependency;
			target = 8722EF2C1D0DD90500DA4509 /* Iguazu */;
			targetProxy = 877B9D151DFC225800D2EB91 /* PBXContainerItemProxy */;
		};
		87E65D88226A3CBE001B25BE /* PBXTargetDependency */ = {
			isa = PBXTargetDependency;
			target = 87E65D7C226A3CBD001B25BE /* Iguazu-macOS */;
			targetProxy = 87E65D87226A3CBE001B25BE /* PBXContainerItemProxy */;
		};
/* End PBXTargetDependency section */

/* Begin XCBuildConfiguration section */
		8722EF3F1D0DD90500DA4509 /* Debug */ = {
			isa = XCBuildConfiguration;
			buildSettings = {
				ALWAYS_SEARCH_USER_PATHS = NO;
				CLANG_ANALYZER_LOCALIZABILITY_NONLOCALIZED = YES;
				CLANG_ANALYZER_NONNULL = YES;
				CLANG_CXX_LANGUAGE_STANDARD = "gnu++0x";
				CLANG_CXX_LIBRARY = "libc++";
				CLANG_ENABLE_MODULES = YES;
				CLANG_ENABLE_OBJC_ARC = YES;
				CLANG_WARN_BLOCK_CAPTURE_AUTORELEASING = YES;
				CLANG_WARN_BOOL_CONVERSION = YES;
				CLANG_WARN_COMMA = YES;
				CLANG_WARN_CONSTANT_CONVERSION = YES;
				CLANG_WARN_DEPRECATED_OBJC_IMPLEMENTATIONS = YES;
				CLANG_WARN_DIRECT_OBJC_ISA_USAGE = YES_ERROR;
				CLANG_WARN_EMPTY_BODY = YES;
				CLANG_WARN_ENUM_CONVERSION = YES;
				CLANG_WARN_INFINITE_RECURSION = YES;
				CLANG_WARN_INT_CONVERSION = YES;
				CLANG_WARN_NON_LITERAL_NULL_CONVERSION = YES;
				CLANG_WARN_OBJC_IMPLICIT_RETAIN_SELF = YES;
				CLANG_WARN_OBJC_LITERAL_CONVERSION = YES;
				CLANG_WARN_OBJC_ROOT_CLASS = YES_ERROR;
				CLANG_WARN_RANGE_LOOP_ANALYSIS = YES;
				CLANG_WARN_STRICT_PROTOTYPES = YES;
				CLANG_WARN_SUSPICIOUS_MOVE = YES;
				CLANG_WARN_UNREACHABLE_CODE = YES;
				CLANG_WARN__DUPLICATE_METHOD_MATCH = YES;
				"CODE_SIGN_IDENTITY[sdk=iphoneos*]" = "iPhone Developer";
				COPY_PHASE_STRIP = NO;
				CURRENT_PROJECT_VERSION = 1;
				DEBUG_INFORMATION_FORMAT = dwarf;
				ENABLE_STRICT_OBJC_MSGSEND = YES;
				ENABLE_TESTABILITY = YES;
				GCC_C_LANGUAGE_STANDARD = gnu99;
				GCC_DYNAMIC_NO_PIC = NO;
				GCC_NO_COMMON_BLOCKS = YES;
				GCC_OPTIMIZATION_LEVEL = 0;
				GCC_PREPROCESSOR_DEFINITIONS = (
					"DEBUG=1",
					"$(inherited)",
				);
				GCC_TREAT_WARNINGS_AS_ERRORS = NO;
				GCC_WARN_64_TO_32_BIT_CONVERSION = YES;
				GCC_WARN_ABOUT_RETURN_TYPE = YES_ERROR;
				GCC_WARN_UNDECLARED_SELECTOR = YES;
				GCC_WARN_UNINITIALIZED_AUTOS = YES_AGGRESSIVE;
				GCC_WARN_UNUSED_FUNCTION = YES;
				GCC_WARN_UNUSED_VARIABLE = YES;
				IPHONEOS_DEPLOYMENT_TARGET = 10.0;
				MTL_ENABLE_DEBUG_INFO = YES;
				ONLY_ACTIVE_ARCH = YES;
				SDKROOT = iphoneos;
				SWIFT_OPTIMIZATION_LEVEL = "-Onone";
				SWIFT_TREAT_WARNINGS_AS_ERRORS = NO;
				TARGETED_DEVICE_FAMILY = "1,2";
				VERSIONING_SYSTEM = "apple-generic";
				VERSION_INFO_PREFIX = "";
			};
			name = Debug;
		};
		8722EF401D0DD90500DA4509 /* Release */ = {
			isa = XCBuildConfiguration;
			buildSettings = {
				ALWAYS_SEARCH_USER_PATHS = NO;
				CLANG_ANALYZER_LOCALIZABILITY_NONLOCALIZED = YES;
				CLANG_ANALYZER_NONNULL = YES;
				CLANG_CXX_LANGUAGE_STANDARD = "gnu++0x";
				CLANG_CXX_LIBRARY = "libc++";
				CLANG_ENABLE_MODULES = YES;
				CLANG_ENABLE_OBJC_ARC = YES;
				CLANG_WARN_BLOCK_CAPTURE_AUTORELEASING = YES;
				CLANG_WARN_BOOL_CONVERSION = YES;
				CLANG_WARN_COMMA = YES;
				CLANG_WARN_CONSTANT_CONVERSION = YES;
				CLANG_WARN_DEPRECATED_OBJC_IMPLEMENTATIONS = YES;
				CLANG_WARN_DIRECT_OBJC_ISA_USAGE = YES_ERROR;
				CLANG_WARN_EMPTY_BODY = YES;
				CLANG_WARN_ENUM_CONVERSION = YES;
				CLANG_WARN_INFINITE_RECURSION = YES;
				CLANG_WARN_INT_CONVERSION = YES;
				CLANG_WARN_NON_LITERAL_NULL_CONVERSION = YES;
				CLANG_WARN_OBJC_IMPLICIT_RETAIN_SELF = YES;
				CLANG_WARN_OBJC_LITERAL_CONVERSION = YES;
				CLANG_WARN_OBJC_ROOT_CLASS = YES_ERROR;
				CLANG_WARN_RANGE_LOOP_ANALYSIS = YES;
				CLANG_WARN_STRICT_PROTOTYPES = YES;
				CLANG_WARN_SUSPICIOUS_MOVE = YES;
				CLANG_WARN_UNREACHABLE_CODE = YES;
				CLANG_WARN__DUPLICATE_METHOD_MATCH = YES;
				"CODE_SIGN_IDENTITY[sdk=iphoneos*]" = "iPhone Developer";
				COPY_PHASE_STRIP = NO;
				CURRENT_PROJECT_VERSION = 1;
				DEBUG_INFORMATION_FORMAT = "dwarf-with-dsym";
				ENABLE_NS_ASSERTIONS = NO;
				ENABLE_STRICT_OBJC_MSGSEND = YES;
				GCC_C_LANGUAGE_STANDARD = gnu99;
				GCC_NO_COMMON_BLOCKS = YES;
				GCC_TREAT_WARNINGS_AS_ERRORS = NO;
				GCC_WARN_64_TO_32_BIT_CONVERSION = YES;
				GCC_WARN_ABOUT_RETURN_TYPE = YES_ERROR;
				GCC_WARN_UNDECLARED_SELECTOR = YES;
				GCC_WARN_UNINITIALIZED_AUTOS = YES_AGGRESSIVE;
				GCC_WARN_UNUSED_FUNCTION = YES;
				GCC_WARN_UNUSED_VARIABLE = YES;
				IPHONEOS_DEPLOYMENT_TARGET = 10.0;
				MTL_ENABLE_DEBUG_INFO = NO;
				SDKROOT = iphoneos;
				SWIFT_TREAT_WARNINGS_AS_ERRORS = NO;
				TARGETED_DEVICE_FAMILY = "1,2";
				VALIDATE_PRODUCT = YES;
				VERSIONING_SYSTEM = "apple-generic";
				VERSION_INFO_PREFIX = "";
			};
			name = Release;
		};
		8722EF421D0DD90500DA4509 /* Debug */ = {
			isa = XCBuildConfiguration;
			buildSettings = {
				CLANG_ENABLE_MODULES = YES;
				"CODE_SIGN_IDENTITY[sdk=iphoneos*]" = "";
				DEFINES_MODULE = YES;
				DYLIB_COMPATIBILITY_VERSION = 1;
				DYLIB_CURRENT_VERSION = 1;
				DYLIB_INSTALL_NAME_BASE = "@rpath";
				INFOPLIST_FILE = Iguazu/Info.plist;
				INSTALL_PATH = "$(LOCAL_LIBRARY_DIR)/Frameworks";
				IPHONEOS_DEPLOYMENT_TARGET = 10.0;
				LD_RUNPATH_SEARCH_PATHS = "$(inherited) @executable_path/Frameworks @loader_path/Frameworks";
				PRODUCT_BUNDLE_IDENTIFIER = com.fifteenjugglers.Iguazu;
				PRODUCT_NAME = "$(TARGET_NAME)";
				SKIP_INSTALL = YES;
				SWIFT_OPTIMIZATION_LEVEL = "-Onone";
				SWIFT_VERSION = 5.0;
			};
			name = Debug;
		};
		8722EF431D0DD90500DA4509 /* Release */ = {
			isa = XCBuildConfiguration;
			buildSettings = {
				CLANG_ENABLE_MODULES = YES;
				"CODE_SIGN_IDENTITY[sdk=iphoneos*]" = "";
				DEFINES_MODULE = YES;
				DYLIB_COMPATIBILITY_VERSION = 1;
				DYLIB_CURRENT_VERSION = 1;
				DYLIB_INSTALL_NAME_BASE = "@rpath";
				INFOPLIST_FILE = Iguazu/Info.plist;
				INSTALL_PATH = "$(LOCAL_LIBRARY_DIR)/Frameworks";
				IPHONEOS_DEPLOYMENT_TARGET = 10.0;
				LD_RUNPATH_SEARCH_PATHS = "$(inherited) @executable_path/Frameworks @loader_path/Frameworks";
				PRODUCT_BUNDLE_IDENTIFIER = com.fifteenjugglers.Iguazu;
				PRODUCT_NAME = "$(TARGET_NAME)";
				SKIP_INSTALL = YES;
				SWIFT_OPTIMIZATION_LEVEL = "-Owholemodule";
				SWIFT_VERSION = 5.0;
			};
			name = Release;
		};
		8722EF451D0DD90500DA4509 /* Debug */ = {
			isa = XCBuildConfiguration;
			buildSettings = {
				INFOPLIST_FILE = IguazuTests/Info.plist;
				LD_RUNPATH_SEARCH_PATHS = "$(inherited) @executable_path/Frameworks @loader_path/Frameworks";
				PRODUCT_BUNDLE_IDENTIFIER = com.fifteenjugglers.IguazuTests;
				PRODUCT_NAME = "$(TARGET_NAME)";
				SWIFT_VERSION = 5.0;
			};
			name = Debug;
		};
		8722EF461D0DD90500DA4509 /* Release */ = {
			isa = XCBuildConfiguration;
			buildSettings = {
				INFOPLIST_FILE = IguazuTests/Info.plist;
				LD_RUNPATH_SEARCH_PATHS = "$(inherited) @executable_path/Frameworks @loader_path/Frameworks";
				PRODUCT_BUNDLE_IDENTIFIER = com.fifteenjugglers.IguazuTests;
				PRODUCT_NAME = "$(TARGET_NAME)";
				SWIFT_OPTIMIZATION_LEVEL = "-Owholemodule";
				SWIFT_VERSION = 5.0;
			};
			name = Release;
		};
		877B9D181DFC225800D2EB91 /* Debug */ = {
			isa = XCBuildConfiguration;
			buildSettings = {
				CLANG_WARN_DOCUMENTATION_COMMENTS = YES;
				CLANG_WARN_SUSPICIOUS_MOVES = YES;
				DEVELOPMENT_TEAM = MFRY9RPA96;
				INFOPLIST_FILE = IguazuPerformanceTests/Info.plist;
				IPHONEOS_DEPLOYMENT_TARGET = 10.1;
				LD_RUNPATH_SEARCH_PATHS = "$(inherited) @executable_path/Frameworks @loader_path/Frameworks";
				PRODUCT_BUNDLE_IDENTIFIER = com.fifteenjugglers.IguazuPerformanceTests;
				PRODUCT_NAME = "$(TARGET_NAME)";
				SWIFT_ACTIVE_COMPILATION_CONDITIONS = DEBUG;
				SWIFT_VERSION = 3.0;
			};
			name = Debug;
		};
		877B9D191DFC225800D2EB91 /* Release */ = {
			isa = XCBuildConfiguration;
			buildSettings = {
				CLANG_WARN_DOCUMENTATION_COMMENTS = YES;
				CLANG_WARN_SUSPICIOUS_MOVES = YES;
				DEVELOPMENT_TEAM = MFRY9RPA96;
				INFOPLIST_FILE = IguazuPerformanceTests/Info.plist;
				IPHONEOS_DEPLOYMENT_TARGET = 10.1;
				LD_RUNPATH_SEARCH_PATHS = "$(inherited) @executable_path/Frameworks @loader_path/Frameworks";
				PRODUCT_BUNDLE_IDENTIFIER = com.fifteenjugglers.IguazuPerformanceTests;
				PRODUCT_NAME = "$(TARGET_NAME)";
				SWIFT_OPTIMIZATION_LEVEL = "-Owholemodule";
				SWIFT_VERSION = 3.0;
			};
			name = Release;
		};
		87E65D8E226A3CBE001B25BE /* Debug */ = {
			isa = XCBuildConfiguration;
			buildSettings = {
				CLANG_ANALYZER_NUMBER_OBJECT_CONVERSION = YES_AGGRESSIVE;
				CLANG_CXX_LANGUAGE_STANDARD = "gnu++14";
				CLANG_ENABLE_OBJC_WEAK = YES;
				CLANG_WARN_DOCUMENTATION_COMMENTS = YES;
				CLANG_WARN_UNGUARDED_AVAILABILITY = YES_AGGRESSIVE;
				CODE_SIGN_IDENTITY = "";
				CODE_SIGN_STYLE = Automatic;
				COMBINE_HIDPI_IMAGES = YES;
				DEFINES_MODULE = YES;
				DEVELOPMENT_TEAM = MFRY9RPA96;
				DYLIB_COMPATIBILITY_VERSION = 1;
				DYLIB_CURRENT_VERSION = 1;
				DYLIB_INSTALL_NAME_BASE = "@rpath";
				FRAMEWORK_VERSION = A;
				GCC_C_LANGUAGE_STANDARD = gnu11;
				INFOPLIST_FILE = "Iguazu-macOS/Info.plist";
				INSTALL_PATH = "$(LOCAL_LIBRARY_DIR)/Frameworks";
				LD_RUNPATH_SEARCH_PATHS = "$(inherited) @executable_path/../Frameworks @loader_path/Frameworks";
				MACOSX_DEPLOYMENT_TARGET = 10.12;
				MTL_ENABLE_DEBUG_INFO = INCLUDE_SOURCE;
				MTL_FAST_MATH = YES;
				PRODUCT_BUNDLE_IDENTIFIER = "com.fifteenjugglers.Iguazu-macOS";
				PRODUCT_NAME = "$(TARGET_NAME:c99extidentifier)";
				SDKROOT = macosx;
				SKIP_INSTALL = YES;
				SWIFT_ACTIVE_COMPILATION_CONDITIONS = DEBUG;
				SWIFT_VERSION = 5.0;
			};
			name = Debug;
		};
		87E65D8F226A3CBE001B25BE /* Release */ = {
			isa = XCBuildConfiguration;
			buildSettings = {
				CLANG_ANALYZER_NUMBER_OBJECT_CONVERSION = YES_AGGRESSIVE;
				CLANG_CXX_LANGUAGE_STANDARD = "gnu++14";
				CLANG_ENABLE_OBJC_WEAK = YES;
				CLANG_WARN_DOCUMENTATION_COMMENTS = YES;
				CLANG_WARN_UNGUARDED_AVAILABILITY = YES_AGGRESSIVE;
				CODE_SIGN_IDENTITY = "";
				CODE_SIGN_STYLE = Automatic;
				COMBINE_HIDPI_IMAGES = YES;
				DEFINES_MODULE = YES;
				DEVELOPMENT_TEAM = MFRY9RPA96;
				DYLIB_COMPATIBILITY_VERSION = 1;
				DYLIB_CURRENT_VERSION = 1;
				DYLIB_INSTALL_NAME_BASE = "@rpath";
				FRAMEWORK_VERSION = A;
				GCC_C_LANGUAGE_STANDARD = gnu11;
				INFOPLIST_FILE = "Iguazu-macOS/Info.plist";
				INSTALL_PATH = "$(LOCAL_LIBRARY_DIR)/Frameworks";
				LD_RUNPATH_SEARCH_PATHS = "$(inherited) @executable_path/../Frameworks @loader_path/Frameworks";
				MACOSX_DEPLOYMENT_TARGET = 10.12;
				MTL_FAST_MATH = YES;
				PRODUCT_BUNDLE_IDENTIFIER = "com.fifteenjugglers.Iguazu-macOS";
				PRODUCT_NAME = "$(TARGET_NAME:c99extidentifier)";
				SDKROOT = macosx;
				SKIP_INSTALL = YES;
				SWIFT_OPTIMIZATION_LEVEL = "-Owholemodule";
				SWIFT_VERSION = 5.0;
			};
			name = Release;
		};
		87E65D90226A3CBE001B25BE /* Debug */ = {
			isa = XCBuildConfiguration;
			buildSettings = {
				ALWAYS_EMBED_SWIFT_STANDARD_LIBRARIES = YES;
				CLANG_ANALYZER_NUMBER_OBJECT_CONVERSION = YES_AGGRESSIVE;
				CLANG_CXX_LANGUAGE_STANDARD = "gnu++14";
				CLANG_ENABLE_OBJC_WEAK = YES;
				CLANG_WARN_DOCUMENTATION_COMMENTS = YES;
				CLANG_WARN_UNGUARDED_AVAILABILITY = YES_AGGRESSIVE;
				CODE_SIGN_IDENTITY = "Mac Developer";
				CODE_SIGN_STYLE = Automatic;
				COMBINE_HIDPI_IMAGES = YES;
				DEVELOPMENT_TEAM = MFRY9RPA96;
				GCC_C_LANGUAGE_STANDARD = gnu11;
				INFOPLIST_FILE = "Iguazu-macOSTests/Info.plist";
				LD_RUNPATH_SEARCH_PATHS = "$(inherited) @executable_path/../Frameworks @loader_path/../Frameworks";
				MACOSX_DEPLOYMENT_TARGET = 10.14;
				MTL_ENABLE_DEBUG_INFO = INCLUDE_SOURCE;
				MTL_FAST_MATH = YES;
				PRODUCT_BUNDLE_IDENTIFIER = "com.fifteenjugglers.Iguazu-macOSTests";
				PRODUCT_NAME = "$(TARGET_NAME)";
				SDKROOT = macosx;
				SWIFT_ACTIVE_COMPILATION_CONDITIONS = DEBUG;
				SWIFT_VERSION = 5.0;
			};
			name = Debug;
		};
		87E65D91226A3CBE001B25BE /* Release */ = {
			isa = XCBuildConfiguration;
			buildSettings = {
				ALWAYS_EMBED_SWIFT_STANDARD_LIBRARIES = YES;
				CLANG_ANALYZER_NUMBER_OBJECT_CONVERSION = YES_AGGRESSIVE;
				CLANG_CXX_LANGUAGE_STANDARD = "gnu++14";
				CLANG_ENABLE_OBJC_WEAK = YES;
				CLANG_WARN_DOCUMENTATION_COMMENTS = YES;
				CLANG_WARN_UNGUARDED_AVAILABILITY = YES_AGGRESSIVE;
				CODE_SIGN_IDENTITY = "Mac Developer";
				CODE_SIGN_STYLE = Automatic;
				COMBINE_HIDPI_IMAGES = YES;
				DEVELOPMENT_TEAM = MFRY9RPA96;
				GCC_C_LANGUAGE_STANDARD = gnu11;
				INFOPLIST_FILE = "Iguazu-macOSTests/Info.plist";
				LD_RUNPATH_SEARCH_PATHS = "$(inherited) @executable_path/../Frameworks @loader_path/../Frameworks";
				MACOSX_DEPLOYMENT_TARGET = 10.14;
				MTL_FAST_MATH = YES;
				PRODUCT_BUNDLE_IDENTIFIER = "com.fifteenjugglers.Iguazu-macOSTests";
				PRODUCT_NAME = "$(TARGET_NAME)";
				SDKROOT = macosx;
				SWIFT_OPTIMIZATION_LEVEL = "-Owholemodule";
				SWIFT_VERSION = 5.0;
			};
			name = Release;
		};
/* End XCBuildConfiguration section */

/* Begin XCConfigurationList section */
		8722EF271D0DD90500DA4509 /* Build configuration list for PBXProject "Iguazu" */ = {
			isa = XCConfigurationList;
			buildConfigurations = (
				8722EF3F1D0DD90500DA4509 /* Debug */,
				8722EF401D0DD90500DA4509 /* Release */,
			);
			defaultConfigurationIsVisible = 0;
			defaultConfigurationName = Release;
		};
		8722EF411D0DD90500DA4509 /* Build configuration list for PBXNativeTarget "Iguazu" */ = {
			isa = XCConfigurationList;
			buildConfigurations = (
				8722EF421D0DD90500DA4509 /* Debug */,
				8722EF431D0DD90500DA4509 /* Release */,
			);
			defaultConfigurationIsVisible = 0;
			defaultConfigurationName = Release;
		};
		8722EF441D0DD90500DA4509 /* Build configuration list for PBXNativeTarget "IguazuTests" */ = {
			isa = XCConfigurationList;
			buildConfigurations = (
				8722EF451D0DD90500DA4509 /* Debug */,
				8722EF461D0DD90500DA4509 /* Release */,
			);
			defaultConfigurationIsVisible = 0;
			defaultConfigurationName = Release;
		};
		877B9D171DFC225800D2EB91 /* Build configuration list for PBXNativeTarget "IguazuPerformanceTests" */ = {
			isa = XCConfigurationList;
			buildConfigurations = (
				877B9D181DFC225800D2EB91 /* Debug */,
				877B9D191DFC225800D2EB91 /* Release */,
			);
			defaultConfigurationIsVisible = 0;
			defaultConfigurationName = Release;
		};
		87E65D92226A3CBE001B25BE /* Build configuration list for PBXNativeTarget "Iguazu-macOS" */ = {
			isa = XCConfigurationList;
			buildConfigurations = (
				87E65D8E226A3CBE001B25BE /* Debug */,
				87E65D8F226A3CBE001B25BE /* Release */,
			);
			defaultConfigurationIsVisible = 0;
			defaultConfigurationName = Release;
		};
		87E65D93226A3CBE001B25BE /* Build configuration list for PBXNativeTarget "Iguazu-macOSTests" */ = {
			isa = XCConfigurationList;
			buildConfigurations = (
				87E65D90226A3CBE001B25BE /* Debug */,
				87E65D91226A3CBE001B25BE /* Release */,
			);
			defaultConfigurationIsVisible = 0;
			defaultConfigurationName = Release;
		};
/* End XCConfigurationList section */
	};
	rootObject = 8722EF241D0DD90500DA4509 /* Project object */;
}
