// !$*UTF8*$!
{
	archiveVersion = 1;
	classes = {
	};
	objectVersion = 46;
	objects = {

/* Begin PBXBuildFile section */
		8716DE371D115D63005312B2 /* IGCHeaderTests.swift in Sources */ = {isa = PBXBuildFile; fileRef = 8716DE361D115D63005312B2 /* IGCHeaderTests.swift */; };
		871E012B1DFC72AD0072487D /* AirSpaceMapDelegate.swift in Sources */ = {isa = PBXBuildFile; fileRef = 871E012A1DFC72AD0072487D /* AirSpaceMapDelegate.swift */; };
		8722EF311D0DD90500DA4509 /* Iguazu.h in Headers */ = {isa = PBXBuildFile; fileRef = 8722EF301D0DD90500DA4509 /* Iguazu.h */; settings = {ATTRIBUTES = (Public, ); }; };
		8722EF381D0DD90500DA4509 /* Iguazu.framework in Frameworks */ = {isa = PBXBuildFile; fileRef = 8722EF2D1D0DD90500DA4509 /* Iguazu.framework */; };
		8722EF481D0DDB8200DA4509 /* IGCData.swift in Sources */ = {isa = PBXBuildFile; fileRef = 8722EF471D0DDB8200DA4509 /* IGCData.swift */; };
		8722EF4B1D0DDC1D00DA4509 /* lx7007.igc in Resources */ = {isa = PBXBuildFile; fileRef = 8722EF4A1D0DDC1D00DA4509 /* lx7007.igc */; };
		8722EF4D1D0DDCEC00DA4509 /* IGCHeader.swift in Sources */ = {isa = PBXBuildFile; fileRef = 8722EF4C1D0DDCEC00DA4509 /* IGCHeader.swift */; };
		8722EF511D0DEF2A00DA4509 /* IGCRecord.swift in Sources */ = {isa = PBXBuildFile; fileRef = 8722EF501D0DEF2A00DA4509 /* IGCRecord.swift */; };
		873CB3141DB3708800A6325E /* DateExtensions.swift in Sources */ = {isa = PBXBuildFile; fileRef = 873CB3131DB3708800A6325E /* DateExtensions.swift */; };
		873CB3161DB3718300A6325E /* IGCFix.swift in Sources */ = {isa = PBXBuildFile; fileRef = 873CB3151DB3718300A6325E /* IGCFix.swift */; };
		873CB3181DB3778500A6325E /* IGCFixTests.swift in Sources */ = {isa = PBXBuildFile; fileRef = 873CB3171DB3778500A6325E /* IGCFixTests.swift */; };
		874F49251D1489490019DC30 /* IGCExtensionTests.swift in Sources */ = {isa = PBXBuildFile; fileRef = 874F49241D1489490019DC30 /* IGCExtensionTests.swift */; };
		876CBA3D1D10659200C125AC /* IGCExtension.swift in Sources */ = {isa = PBXBuildFile; fileRef = 876CBA3C1D10659200C125AC /* IGCExtension.swift */; };
		877A18971D18367A00EC6E41 /* StringExtensions.swift in Sources */ = {isa = PBXBuildFile; fileRef = 877A18961D18367A00EC6E41 /* StringExtensions.swift */; };
		877A18991D18370100EC6E41 /* StringExtensionsTests.swift in Sources */ = {isa = PBXBuildFile; fileRef = 877A18981D18370100EC6E41 /* StringExtensionsTests.swift */; };
		877B9CF11DFC1B6700D2EB91 /* AirSpace.swift in Sources */ = {isa = PBXBuildFile; fileRef = 877B9CF01DFC1B6700D2EB91 /* AirSpace.swift */; };
		877B9CF31DFC1BAB00D2EB91 /* CLLocationCoordinate2DExtensions.swift in Sources */ = {isa = PBXBuildFile; fileRef = 877B9CF21DFC1BAB00D2EB91 /* CLLocationCoordinate2DExtensions.swift */; };
		877B9CF51DFC1BE300D2EB91 /* CharacterSetExtensions.swift in Sources */ = {isa = PBXBuildFile; fileRef = 877B9CF41DFC1BE300D2EB91 /* CharacterSetExtensions.swift */; };
		877B9CF71DFC1C0F00D2EB91 /* ScannerExtensions.swift in Sources */ = {isa = PBXBuildFile; fileRef = 877B9CF61DFC1C0F00D2EB91 /* ScannerExtensions.swift */; };
		877B9CF91DFC1C4600D2EB91 /* DAeC_Germany_Week22_2016.txt in Resources */ = {isa = PBXBuildFile; fileRef = 877B9CF81DFC1C4600D2EB91 /* DAeC_Germany_Week22_2016.txt */; };
		877B9CFB1DFC1D8C00D2EB91 /* AirSpaceTests.swift in Sources */ = {isa = PBXBuildFile; fileRef = 877B9CFA1DFC1D8C00D2EB91 /* AirSpaceTests.swift */; };
		877B9D121DFC225800D2EB91 /* IguazuPerformanceTests.swift in Sources */ = {isa = PBXBuildFile; fileRef = 877B9D111DFC225800D2EB91 /* IguazuPerformanceTests.swift */; };
		877B9D141DFC225800D2EB91 /* Iguazu.framework in Frameworks */ = {isa = PBXBuildFile; fileRef = 8722EF2D1D0DD90500DA4509 /* Iguazu.framework */; };
		877B9D1A1DFC22C000D2EB91 /* DAeC_Germany_Week22_2016.txt in Resources */ = {isa = PBXBuildFile; fileRef = 877B9CF81DFC1C4600D2EB91 /* DAeC_Germany_Week22_2016.txt */; };
		87BB56D11DB37A5D00379BE0 /* DateExtensionsTests.swift in Sources */ = {isa = PBXBuildFile; fileRef = 87BB56D01DB37A5D00379BE0 /* DateExtensionsTests.swift */; };
		87FA6A6B1D12D10F000C5F7E /* IGCDataTests.swift in Sources */ = {isa = PBXBuildFile; fileRef = 87FA6A6A1D12D10F000C5F7E /* IGCDataTests.swift */; };
/* End PBXBuildFile section */

/* Begin PBXContainerItemProxy section */
		8722EF391D0DD90500DA4509 /* PBXContainerItemProxy */ = {
			isa = PBXContainerItemProxy;
			containerPortal = 8722EF241D0DD90500DA4509 /* Project object */;
			proxyType = 1;
			remoteGlobalIDString = 8722EF2C1D0DD90500DA4509;
			remoteInfo = Iguazu;
		};
		877B9D151DFC225800D2EB91 /* PBXContainerItemProxy */ = {
			isa = PBXContainerItemProxy;
			containerPortal = 8722EF241D0DD90500DA4509 /* Project object */;
			proxyType = 1;
			remoteGlobalIDString = 8722EF2C1D0DD90500DA4509;
			remoteInfo = Iguazu;
		};
/* End PBXContainerItemProxy section */

/* Begin PBXFileReference section */
		8716DE361D115D63005312B2 /* IGCHeaderTests.swift */ = {isa = PBXFileReference; fileEncoding = 4; lastKnownFileType = sourcecode.swift; path = IGCHeaderTests.swift; sourceTree = "<group>"; };
		871E012A1DFC72AD0072487D /* AirSpaceMapDelegate.swift */ = {isa = PBXFileReference; fileEncoding = 4; lastKnownFileType = sourcecode.swift; path = AirSpaceMapDelegate.swift; sourceTree = "<group>"; };
		8722EF2D1D0DD90500DA4509 /* Iguazu.framework */ = {isa = PBXFileReference; explicitFileType = wrapper.framework; includeInIndex = 0; path = Iguazu.framework; sourceTree = BUILT_PRODUCTS_DIR; };
		8722EF301D0DD90500DA4509 /* Iguazu.h */ = {isa = PBXFileReference; lastKnownFileType = sourcecode.c.h; path = Iguazu.h; sourceTree = "<group>"; };
		8722EF321D0DD90500DA4509 /* Info.plist */ = {isa = PBXFileReference; lastKnownFileType = text.plist.xml; path = Info.plist; sourceTree = "<group>"; };
		8722EF371D0DD90500DA4509 /* IguazuTests.xctest */ = {isa = PBXFileReference; explicitFileType = wrapper.cfbundle; includeInIndex = 0; path = IguazuTests.xctest; sourceTree = BUILT_PRODUCTS_DIR; };
		8722EF3E1D0DD90500DA4509 /* Info.plist */ = {isa = PBXFileReference; lastKnownFileType = text.plist.xml; path = Info.plist; sourceTree = "<group>"; };
		8722EF471D0DDB8200DA4509 /* IGCData.swift */ = {isa = PBXFileReference; fileEncoding = 4; lastKnownFileType = sourcecode.swift; path = IGCData.swift; sourceTree = "<group>"; };
		8722EF4A1D0DDC1D00DA4509 /* lx7007.igc */ = {isa = PBXFileReference; fileEncoding = 4; lastKnownFileType = text; path = lx7007.igc; sourceTree = "<group>"; };
		8722EF4C1D0DDCEC00DA4509 /* IGCHeader.swift */ = {isa = PBXFileReference; fileEncoding = 4; lastKnownFileType = sourcecode.swift; path = IGCHeader.swift; sourceTree = "<group>"; };
		8722EF501D0DEF2A00DA4509 /* IGCRecord.swift */ = {isa = PBXFileReference; fileEncoding = 4; lastKnownFileType = sourcecode.swift; path = IGCRecord.swift; sourceTree = "<group>"; };
		873CB3131DB3708800A6325E /* DateExtensions.swift */ = {isa = PBXFileReference; fileEncoding = 4; lastKnownFileType = sourcecode.swift; path = DateExtensions.swift; sourceTree = "<group>"; };
		873CB3151DB3718300A6325E /* IGCFix.swift */ = {isa = PBXFileReference; fileEncoding = 4; lastKnownFileType = sourcecode.swift; path = IGCFix.swift; sourceTree = "<group>"; };
		873CB3171DB3778500A6325E /* IGCFixTests.swift */ = {isa = PBXFileReference; fileEncoding = 4; lastKnownFileType = sourcecode.swift; path = IGCFixTests.swift; sourceTree = "<group>"; };
		874F49241D1489490019DC30 /* IGCExtensionTests.swift */ = {isa = PBXFileReference; fileEncoding = 4; lastKnownFileType = sourcecode.swift; path = IGCExtensionTests.swift; sourceTree = "<group>"; };
		876CBA3C1D10659200C125AC /* IGCExtension.swift */ = {isa = PBXFileReference; fileEncoding = 4; lastKnownFileType = sourcecode.swift; path = IGCExtension.swift; sourceTree = "<group>"; };
		877A18961D18367A00EC6E41 /* StringExtensions.swift */ = {isa = PBXFileReference; fileEncoding = 4; lastKnownFileType = sourcecode.swift; path = StringExtensions.swift; sourceTree = "<group>"; };
		877A18981D18370100EC6E41 /* StringExtensionsTests.swift */ = {isa = PBXFileReference; fileEncoding = 4; lastKnownFileType = sourcecode.swift; path = StringExtensionsTests.swift; sourceTree = "<group>"; };
		877B9CF01DFC1B6700D2EB91 /* AirSpace.swift */ = {isa = PBXFileReference; fileEncoding = 4; lastKnownFileType = sourcecode.swift; path = AirSpace.swift; sourceTree = "<group>"; };
		877B9CF21DFC1BAB00D2EB91 /* CLLocationCoordinate2DExtensions.swift */ = {isa = PBXFileReference; fileEncoding = 4; lastKnownFileType = sourcecode.swift; path = CLLocationCoordinate2DExtensions.swift; sourceTree = "<group>"; };
		877B9CF41DFC1BE300D2EB91 /* CharacterSetExtensions.swift */ = {isa = PBXFileReference; fileEncoding = 4; lastKnownFileType = sourcecode.swift; path = CharacterSetExtensions.swift; sourceTree = "<group>"; };
		877B9CF61DFC1C0F00D2EB91 /* ScannerExtensions.swift */ = {isa = PBXFileReference; fileEncoding = 4; lastKnownFileType = sourcecode.swift; path = ScannerExtensions.swift; sourceTree = "<group>"; };
		877B9CF81DFC1C4600D2EB91 /* DAeC_Germany_Week22_2016.txt */ = {isa = PBXFileReference; fileEncoding = 4; lastKnownFileType = text; path = DAeC_Germany_Week22_2016.txt; sourceTree = "<group>"; };
		877B9CFA1DFC1D8C00D2EB91 /* AirSpaceTests.swift */ = {isa = PBXFileReference; fileEncoding = 4; lastKnownFileType = sourcecode.swift; path = AirSpaceTests.swift; sourceTree = "<group>"; };
		877B9D0F1DFC225800D2EB91 /* IguazuPerformanceTests.xctest */ = {isa = PBXFileReference; explicitFileType = wrapper.cfbundle; includeInIndex = 0; path = IguazuPerformanceTests.xctest; sourceTree = BUILT_PRODUCTS_DIR; };
		877B9D111DFC225800D2EB91 /* IguazuPerformanceTests.swift */ = {isa = PBXFileReference; lastKnownFileType = sourcecode.swift; path = IguazuPerformanceTests.swift; sourceTree = "<group>"; };
		877B9D131DFC225800D2EB91 /* Info.plist */ = {isa = PBXFileReference; lastKnownFileType = text.plist.xml; path = Info.plist; sourceTree = "<group>"; };
		87BB56D01DB37A5D00379BE0 /* DateExtensionsTests.swift */ = {isa = PBXFileReference; fileEncoding = 4; lastKnownFileType = sourcecode.swift; path = DateExtensionsTests.swift; sourceTree = "<group>"; };
		87FA6A6A1D12D10F000C5F7E /* IGCDataTests.swift */ = {isa = PBXFileReference; fileEncoding = 4; lastKnownFileType = sourcecode.swift; path = IGCDataTests.swift; sourceTree = "<group>"; };
/* End PBXFileReference section */

/* Begin PBXFrameworksBuildPhase section */
		8722EF291D0DD90500DA4509 /* Frameworks */ = {
			isa = PBXFrameworksBuildPhase;
			buildActionMask = 2147483647;
			files = (
			);
			runOnlyForDeploymentPostprocessing = 0;
		};
		8722EF341D0DD90500DA4509 /* Frameworks */ = {
			isa = PBXFrameworksBuildPhase;
			buildActionMask = 2147483647;
			files = (
				8722EF381D0DD90500DA4509 /* Iguazu.framework in Frameworks */,
			);
			runOnlyForDeploymentPostprocessing = 0;
		};
		877B9D0C1DFC225800D2EB91 /* Frameworks */ = {
			isa = PBXFrameworksBuildPhase;
			buildActionMask = 2147483647;
			files = (
				877B9D141DFC225800D2EB91 /* Iguazu.framework in Frameworks */,
			);
			runOnlyForDeploymentPostprocessing = 0;
		};
/* End PBXFrameworksBuildPhase section */

/* Begin PBXGroup section */
		8722EF231D0DD90500DA4509 = {
			isa = PBXGroup;
			children = (
				8722EF2F1D0DD90500DA4509 /* Iguazu */,
				8722EF3B1D0DD90500DA4509 /* IguazuTests */,
				877B9D101DFC225800D2EB91 /* IguazuPerformanceTests */,
				8722EF2E1D0DD90500DA4509 /* Products */,
			);
			sourceTree = "<group>";
		};
		8722EF2E1D0DD90500DA4509 /* Products */ = {
			isa = PBXGroup;
			children = (
				8722EF2D1D0DD90500DA4509 /* Iguazu.framework */,
				8722EF371D0DD90500DA4509 /* IguazuTests.xctest */,
				877B9D0F1DFC225800D2EB91 /* IguazuPerformanceTests.xctest */,
			);
			name = Products;
			sourceTree = "<group>";
		};
		8722EF2F1D0DD90500DA4509 /* Iguazu */ = {
			isa = PBXGroup;
			children = (
				873CB3131DB3708800A6325E /* DateExtensions.swift */,
				8722EF471D0DDB8200DA4509 /* IGCData.swift */,
				876CBA3C1D10659200C125AC /* IGCExtension.swift */,
				873CB3151DB3718300A6325E /* IGCFix.swift */,
				8722EF4C1D0DDCEC00DA4509 /* IGCHeader.swift */,
				8722EF501D0DEF2A00DA4509 /* IGCRecord.swift */,
				8722EF301D0DD90500DA4509 /* Iguazu.h */,
				8722EF321D0DD90500DA4509 /* Info.plist */,
				877A18961D18367A00EC6E41 /* StringExtensions.swift */,
				877B9CF01DFC1B6700D2EB91 /* AirSpace.swift */,
				877B9CF21DFC1BAB00D2EB91 /* CLLocationCoordinate2DExtensions.swift */,
				877B9CF41DFC1BE300D2EB91 /* CharacterSetExtensions.swift */,
				877B9CF61DFC1C0F00D2EB91 /* ScannerExtensions.swift */,
				871E012A1DFC72AD0072487D /* AirSpaceMapDelegate.swift */,
			);
			path = Iguazu;
			sourceTree = "<group>";
		};
		8722EF3B1D0DD90500DA4509 /* IguazuTests */ = {
			isa = PBXGroup;
			children = (
				8722EF491D0DDC0800DA4509 /* Test Files */,
				8716DE361D115D63005312B2 /* IGCHeaderTests.swift */,
				87FA6A6A1D12D10F000C5F7E /* IGCDataTests.swift */,
				874F49241D1489490019DC30 /* IGCExtensionTests.swift */,
				877A18981D18370100EC6E41 /* StringExtensionsTests.swift */,
				8722EF3E1D0DD90500DA4509 /* Info.plist */,
				873CB3171DB3778500A6325E /* IGCFixTests.swift */,
				87BB56D01DB37A5D00379BE0 /* DateExtensionsTests.swift */,
				877B9CFA1DFC1D8C00D2EB91 /* AirSpaceTests.swift */,
			);
			path = IguazuTests;
			sourceTree = "<group>";
		};
		8722EF491D0DDC0800DA4509 /* Test Files */ = {
			isa = PBXGroup;
			children = (
				877B9CF81DFC1C4600D2EB91 /* DAeC_Germany_Week22_2016.txt */,
				8722EF4A1D0DDC1D00DA4509 /* lx7007.igc */,
			);
			name = "Test Files";
			sourceTree = "<group>";
		};
		877B9D101DFC225800D2EB91 /* IguazuPerformanceTests */ = {
			isa = PBXGroup;
			children = (
				877B9D111DFC225800D2EB91 /* IguazuPerformanceTests.swift */,
				877B9D131DFC225800D2EB91 /* Info.plist */,
			);
			path = IguazuPerformanceTests;
			sourceTree = "<group>";
		};
/* End PBXGroup section */

/* Begin PBXHeadersBuildPhase section */
		8722EF2A1D0DD90500DA4509 /* Headers */ = {
			isa = PBXHeadersBuildPhase;
			buildActionMask = 2147483647;
			files = (
				8722EF311D0DD90500DA4509 /* Iguazu.h in Headers */,
			);
			runOnlyForDeploymentPostprocessing = 0;
		};
/* End PBXHeadersBuildPhase section */

/* Begin PBXNativeTarget section */
		8722EF2C1D0DD90500DA4509 /* Iguazu */ = {
			isa = PBXNativeTarget;
			buildConfigurationList = 8722EF411D0DD90500DA4509 /* Build configuration list for PBXNativeTarget "Iguazu" */;
			buildPhases = (
				8722EF281D0DD90500DA4509 /* Sources */,
				8722EF291D0DD90500DA4509 /* Frameworks */,
				8722EF2A1D0DD90500DA4509 /* Headers */,
				8722EF2B1D0DD90500DA4509 /* Resources */,
			);
			buildRules = (
			);
			dependencies = (
			);
			name = Iguazu;
			productName = Iguazu;
			productReference = 8722EF2D1D0DD90500DA4509 /* Iguazu.framework */;
			productType = "com.apple.product-type.framework";
		};
		8722EF361D0DD90500DA4509 /* IguazuTests */ = {
			isa = PBXNativeTarget;
			buildConfigurationList = 8722EF441D0DD90500DA4509 /* Build configuration list for PBXNativeTarget "IguazuTests" */;
			buildPhases = (
				8722EF331D0DD90500DA4509 /* Sources */,
				8722EF341D0DD90500DA4509 /* Frameworks */,
				8722EF351D0DD90500DA4509 /* Resources */,
			);
			buildRules = (
			);
			dependencies = (
				8722EF3A1D0DD90500DA4509 /* PBXTargetDependency */,
			);
			name = IguazuTests;
			productName = IguazuTests;
			productReference = 8722EF371D0DD90500DA4509 /* IguazuTests.xctest */;
			productType = "com.apple.product-type.bundle.unit-test";
		};
		877B9D0E1DFC225800D2EB91 /* IguazuPerformanceTests */ = {
			isa = PBXNativeTarget;
			buildConfigurationList = 877B9D171DFC225800D2EB91 /* Build configuration list for PBXNativeTarget "IguazuPerformanceTests" */;
			buildPhases = (
				877B9D0B1DFC225800D2EB91 /* Sources */,
				877B9D0C1DFC225800D2EB91 /* Frameworks */,
				877B9D0D1DFC225800D2EB91 /* Resources */,
			);
			buildRules = (
			);
			dependencies = (
				877B9D161DFC225800D2EB91 /* PBXTargetDependency */,
			);
			name = IguazuPerformanceTests;
			productName = IguazuPerformanceTests;
			productReference = 877B9D0F1DFC225800D2EB91 /* IguazuPerformanceTests.xctest */;
			productType = "com.apple.product-type.bundle.unit-test";
		};
/* End PBXNativeTarget section */

/* Begin PBXProject section */
		8722EF241D0DD90500DA4509 /* Project object */ = {
			isa = PBXProject;
			attributes = {
				LastSwiftUpdateCheck = 0810;
				LastUpgradeCheck = 0810;
				ORGANIZATIONNAME = "Fifteen Jugglers Software";
				TargetAttributes = {
					8722EF2C1D0DD90500DA4509 = {
						CreatedOnToolsVersion = 7.3.1;
						LastSwiftMigration = 0800;
					};
					8722EF361D0DD90500DA4509 = {
						CreatedOnToolsVersion = 7.3.1;
						LastSwiftMigration = 0800;
					};
					877B9D0E1DFC225800D2EB91 = {
						CreatedOnToolsVersion = 8.1;
						DevelopmentTeam = MFRY9RPA96;
						ProvisioningStyle = Automatic;
					};
				};
			};
			buildConfigurationList = 8722EF271D0DD90500DA4509 /* Build configuration list for PBXProject "Iguazu" */;
			compatibilityVersion = "Xcode 3.2";
			developmentRegion = English;
			hasScannedForEncodings = 0;
			knownRegions = (
				en,
			);
			mainGroup = 8722EF231D0DD90500DA4509;
			productRefGroup = 8722EF2E1D0DD90500DA4509 /* Products */;
			projectDirPath = "";
			projectRoot = "";
			targets = (
				8722EF2C1D0DD90500DA4509 /* Iguazu */,
				8722EF361D0DD90500DA4509 /* IguazuTests */,
				877B9D0E1DFC225800D2EB91 /* IguazuPerformanceTests */,
			);
		};
/* End PBXProject section */

/* Begin PBXResourcesBuildPhase section */
		8722EF2B1D0DD90500DA4509 /* Resources */ = {
			isa = PBXResourcesBuildPhase;
			buildActionMask = 2147483647;
			files = (
			);
			runOnlyForDeploymentPostprocessing = 0;
		};
		8722EF351D0DD90500DA4509 /* Resources */ = {
			isa = PBXResourcesBuildPhase;
			buildActionMask = 2147483647;
			files = (
				877B9CF91DFC1C4600D2EB91 /* DAeC_Germany_Week22_2016.txt in Resources */,
				8722EF4B1D0DDC1D00DA4509 /* lx7007.igc in Resources */,
			);
			runOnlyForDeploymentPostprocessing = 0;
		};
		877B9D0D1DFC225800D2EB91 /* Resources */ = {
			isa = PBXResourcesBuildPhase;
			buildActionMask = 2147483647;
			files = (
				877B9D1A1DFC22C000D2EB91 /* DAeC_Germany_Week22_2016.txt in Resources */,
			);
			runOnlyForDeploymentPostprocessing = 0;
		};
/* End PBXResourcesBuildPhase section */

/* Begin PBXSourcesBuildPhase section */
		8722EF281D0DD90500DA4509 /* Sources */ = {
			isa = PBXSourcesBuildPhase;
			buildActionMask = 2147483647;
			files = (
				8722EF511D0DEF2A00DA4509 /* IGCRecord.swift in Sources */,
				877B9CF11DFC1B6700D2EB91 /* AirSpace.swift in Sources */,
				876CBA3D1D10659200C125AC /* IGCExtension.swift in Sources */,
				877B9CF71DFC1C0F00D2EB91 /* ScannerExtensions.swift in Sources */,
				877A18971D18367A00EC6E41 /* StringExtensions.swift in Sources */,
				871E012B1DFC72AD0072487D /* AirSpaceMapDelegate.swift in Sources */,
				877B9CF51DFC1BE300D2EB91 /* CharacterSetExtensions.swift in Sources */,
				877B9CF31DFC1BAB00D2EB91 /* CLLocationCoordinate2DExtensions.swift in Sources */,
				873CB3161DB3718300A6325E /* IGCFix.swift in Sources */,
				8722EF4D1D0DDCEC00DA4509 /* IGCHeader.swift in Sources */,
				8722EF481D0DDB8200DA4509 /* IGCData.swift in Sources */,
				873CB3141DB3708800A6325E /* DateExtensions.swift in Sources */,
			);
			runOnlyForDeploymentPostprocessing = 0;
		};
		8722EF331D0DD90500DA4509 /* Sources */ = {
			isa = PBXSourcesBuildPhase;
			buildActionMask = 2147483647;
			files = (
				877A18991D18370100EC6E41 /* StringExtensionsTests.swift in Sources */,
				87FA6A6B1D12D10F000C5F7E /* IGCDataTests.swift in Sources */,
				877B9CFB1DFC1D8C00D2EB91 /* AirSpaceTests.swift in Sources */,
				8716DE371D115D63005312B2 /* IGCHeaderTests.swift in Sources */,
				873CB3181DB3778500A6325E /* IGCFixTests.swift in Sources */,
				874F49251D1489490019DC30 /* IGCExtensionTests.swift in Sources */,
				87BB56D11DB37A5D00379BE0 /* DateExtensionsTests.swift in Sources */,
			);
			runOnlyForDeploymentPostprocessing = 0;
		};
		877B9D0B1DFC225800D2EB91 /* Sources */ = {
			isa = PBXSourcesBuildPhase;
			buildActionMask = 2147483647;
			files = (
				877B9D121DFC225800D2EB91 /* IguazuPerformanceTests.swift in Sources */,
			);
			runOnlyForDeploymentPostprocessing = 0;
		};
/* End PBXSourcesBuildPhase section */

/* Begin PBXTargetDependency section */
		8722EF3A1D0DD90500DA4509 /* PBXTargetDependency */ = {
			isa = PBXTargetDependency;
			target = 8722EF2C1D0DD90500DA4509 /* Iguazu */;
			targetProxy = 8722EF391D0DD90500DA4509 /* PBXContainerItemProxy */;
		};
		877B9D161DFC225800D2EB91 /* PBXTargetDependency */ = {
			isa = PBXTargetDependency;
			target = 8722EF2C1D0DD90500DA4509 /* Iguazu */;
			targetProxy = 877B9D151DFC225800D2EB91 /* PBXContainerItemProxy */;
		};
/* End PBXTargetDependency section */

/* Begin XCBuildConfiguration section */
		8722EF3F1D0DD90500DA4509 /* Debug */ = {
			isa = XCBuildConfiguration;
			buildSettings = {
				ALWAYS_SEARCH_USER_PATHS = NO;
				CLANG_ANALYZER_NONNULL = YES;
				CLANG_CXX_LANGUAGE_STANDARD = "gnu++0x";
				CLANG_CXX_LIBRARY = "libc++";
				CLANG_ENABLE_MODULES = YES;
				CLANG_ENABLE_OBJC_ARC = YES;
				CLANG_WARN_BOOL_CONVERSION = YES;
				CLANG_WARN_CONSTANT_CONVERSION = YES;
				CLANG_WARN_DIRECT_OBJC_ISA_USAGE = YES_ERROR;
				CLANG_WARN_EMPTY_BODY = YES;
				CLANG_WARN_ENUM_CONVERSION = YES;
				CLANG_WARN_INFINITE_RECURSION = YES;
				CLANG_WARN_INT_CONVERSION = YES;
				CLANG_WARN_OBJC_ROOT_CLASS = YES_ERROR;
				CLANG_WARN_SUSPICIOUS_MOVE = YES;
				CLANG_WARN_UNREACHABLE_CODE = YES;
				CLANG_WARN__DUPLICATE_METHOD_MATCH = YES;
				"CODE_SIGN_IDENTITY[sdk=iphoneos*]" = "iPhone Developer";
				COPY_PHASE_STRIP = NO;
				CURRENT_PROJECT_VERSION = 1;
				DEBUG_INFORMATION_FORMAT = dwarf;
				ENABLE_STRICT_OBJC_MSGSEND = YES;
				ENABLE_TESTABILITY = YES;
				GCC_C_LANGUAGE_STANDARD = gnu99;
				GCC_DYNAMIC_NO_PIC = NO;
				GCC_NO_COMMON_BLOCKS = YES;
				GCC_OPTIMIZATION_LEVEL = 0;
				GCC_PREPROCESSOR_DEFINITIONS = (
					"DEBUG=1",
					"$(inherited)",
				);
				GCC_TREAT_WARNINGS_AS_ERRORS = YES;
				GCC_WARN_64_TO_32_BIT_CONVERSION = YES;
				GCC_WARN_ABOUT_RETURN_TYPE = YES_ERROR;
				GCC_WARN_UNDECLARED_SELECTOR = YES;
				GCC_WARN_UNINITIALIZED_AUTOS = YES_AGGRESSIVE;
				GCC_WARN_UNUSED_FUNCTION = YES;
				GCC_WARN_UNUSED_VARIABLE = YES;
				IPHONEOS_DEPLOYMENT_TARGET = 10.0;
				MTL_ENABLE_DEBUG_INFO = YES;
				ONLY_ACTIVE_ARCH = YES;
				SDKROOT = iphoneos;
				SWIFT_OPTIMIZATION_LEVEL = "-Onone";
				SWIFT_TREAT_WARNINGS_AS_ERRORS = YES;
				TARGETED_DEVICE_FAMILY = "1,2";
				VERSIONING_SYSTEM = "apple-generic";
				VERSION_INFO_PREFIX = "";
			};
			name = Debug;
		};
		8722EF401D0DD90500DA4509 /* Release */ = {
			isa = XCBuildConfiguration;
			buildSettings = {
				ALWAYS_SEARCH_USER_PATHS = NO;
				CLANG_ANALYZER_NONNULL = YES;
				CLANG_CXX_LANGUAGE_STANDARD = "gnu++0x";
				CLANG_CXX_LIBRARY = "libc++";
				CLANG_ENABLE_MODULES = YES;
				CLANG_ENABLE_OBJC_ARC = YES;
				CLANG_WARN_BOOL_CONVERSION = YES;
				CLANG_WARN_CONSTANT_CONVERSION = YES;
				CLANG_WARN_DIRECT_OBJC_ISA_USAGE = YES_ERROR;
				CLANG_WARN_EMPTY_BODY = YES;
				CLANG_WARN_ENUM_CONVERSION = YES;
				CLANG_WARN_INFINITE_RECURSION = YES;
				CLANG_WARN_INT_CONVERSION = YES;
				CLANG_WARN_OBJC_ROOT_CLASS = YES_ERROR;
				CLANG_WARN_SUSPICIOUS_MOVE = YES;
				CLANG_WARN_UNREACHABLE_CODE = YES;
				CLANG_WARN__DUPLICATE_METHOD_MATCH = YES;
				"CODE_SIGN_IDENTITY[sdk=iphoneos*]" = "iPhone Developer";
				COPY_PHASE_STRIP = NO;
				CURRENT_PROJECT_VERSION = 1;
				DEBUG_INFORMATION_FORMAT = "dwarf-with-dsym";
				ENABLE_NS_ASSERTIONS = NO;
				ENABLE_STRICT_OBJC_MSGSEND = YES;
				GCC_C_LANGUAGE_STANDARD = gnu99;
				GCC_NO_COMMON_BLOCKS = YES;
				GCC_TREAT_WARNINGS_AS_ERRORS = YES;
				GCC_WARN_64_TO_32_BIT_CONVERSION = YES;
				GCC_WARN_ABOUT_RETURN_TYPE = YES_ERROR;
				GCC_WARN_UNDECLARED_SELECTOR = YES;
				GCC_WARN_UNINITIALIZED_AUTOS = YES_AGGRESSIVE;
				GCC_WARN_UNUSED_FUNCTION = YES;
				GCC_WARN_UNUSED_VARIABLE = YES;
				IPHONEOS_DEPLOYMENT_TARGET = 10.0;
				MTL_ENABLE_DEBUG_INFO = NO;
				SDKROOT = iphoneos;
				SWIFT_TREAT_WARNINGS_AS_ERRORS = YES;
				TARGETED_DEVICE_FAMILY = "1,2";
				VALIDATE_PRODUCT = YES;
				VERSIONING_SYSTEM = "apple-generic";
				VERSION_INFO_PREFIX = "";
			};
			name = Release;
		};
		8722EF421D0DD90500DA4509 /* Debug */ = {
			isa = XCBuildConfiguration;
			buildSettings = {
				CLANG_ENABLE_MODULES = YES;
				"CODE_SIGN_IDENTITY[sdk=iphoneos*]" = "";
				DEFINES_MODULE = YES;
				DYLIB_COMPATIBILITY_VERSION = 1;
				DYLIB_CURRENT_VERSION = 1;
				DYLIB_INSTALL_NAME_BASE = "@rpath";
				INFOPLIST_FILE = Iguazu/Info.plist;
				INSTALL_PATH = "$(LOCAL_LIBRARY_DIR)/Frameworks";
				IPHONEOS_DEPLOYMENT_TARGET = 10.0;
				LD_RUNPATH_SEARCH_PATHS = "$(inherited) @executable_path/Frameworks @loader_path/Frameworks";
				PRODUCT_BUNDLE_IDENTIFIER = com.fifteenjugglers.Iguazu;
				PRODUCT_NAME = "$(TARGET_NAME)";
				SKIP_INSTALL = YES;
				SWIFT_OPTIMIZATION_LEVEL = "-Onone";
				SWIFT_VERSION = 3.0;
			};
			name = Debug;
		};
		8722EF431D0DD90500DA4509 /* Release */ = {
			isa = XCBuildConfiguration;
			buildSettings = {
				CLANG_ENABLE_MODULES = YES;
				"CODE_SIGN_IDENTITY[sdk=iphoneos*]" = "";
				DEFINES_MODULE = YES;
				DYLIB_COMPATIBILITY_VERSION = 1;
				DYLIB_CURRENT_VERSION = 1;
				DYLIB_INSTALL_NAME_BASE = "@rpath";
				INFOPLIST_FILE = Iguazu/Info.plist;
				INSTALL_PATH = "$(LOCAL_LIBRARY_DIR)/Frameworks";
				IPHONEOS_DEPLOYMENT_TARGET = 10.0;
				LD_RUNPATH_SEARCH_PATHS = "$(inherited) @executable_path/Frameworks @loader_path/Frameworks";
				PRODUCT_BUNDLE_IDENTIFIER = com.fifteenjugglers.Iguazu;
				PRODUCT_NAME = "$(TARGET_NAME)";
				SKIP_INSTALL = YES;
				SWIFT_OPTIMIZATION_LEVEL = "-Owholemodule";
				SWIFT_VERSION = 3.0;
			};
			name = Release;
		};
		8722EF451D0DD90500DA4509 /* Debug */ = {
			isa = XCBuildConfiguration;
			buildSettings = {
				INFOPLIST_FILE = IguazuTests/Info.plist;
				LD_RUNPATH_SEARCH_PATHS = "$(inherited) @executable_path/Frameworks @loader_path/Frameworks";
				PRODUCT_BUNDLE_IDENTIFIER = com.fifteenjugglers.IguazuTests;
				PRODUCT_NAME = "$(TARGET_NAME)";
				SWIFT_VERSION = 3.0;
			};
			name = Debug;
		};
		8722EF461D0DD90500DA4509 /* Release */ = {
			isa = XCBuildConfiguration;
			buildSettings = {
				INFOPLIST_FILE = IguazuTests/Info.plist;
				LD_RUNPATH_SEARCH_PATHS = "$(inherited) @executable_path/Frameworks @loader_path/Frameworks";
				PRODUCT_BUNDLE_IDENTIFIER = com.fifteenjugglers.IguazuTests;
				PRODUCT_NAME = "$(TARGET_NAME)";
				SWIFT_OPTIMIZATION_LEVEL = "-Owholemodule";
				SWIFT_VERSION = 3.0;
			};
			name = Release;
		};
		877B9D181DFC225800D2EB91 /* Debug */ = {
			isa = XCBuildConfiguration;
			buildSettings = {
				CLANG_WARN_DOCUMENTATION_COMMENTS = YES;
				CLANG_WARN_SUSPICIOUS_MOVES = YES;
				DEVELOPMENT_TEAM = MFRY9RPA96;
				INFOPLIST_FILE = IguazuPerformanceTests/Info.plist;
				IPHONEOS_DEPLOYMENT_TARGET = 10.1;
				LD_RUNPATH_SEARCH_PATHS = "$(inherited) @executable_path/Frameworks @loader_path/Frameworks";
				PRODUCT_BUNDLE_IDENTIFIER = com.fifteenjugglers.IguazuPerformanceTests;
				PRODUCT_NAME = "$(TARGET_NAME)";
				SWIFT_ACTIVE_COMPILATION_CONDITIONS = DEBUG;
				SWIFT_VERSION = 3.0;
			};
			name = Debug;
		};
		877B9D191DFC225800D2EB91 /* Release */ = {
			isa = XCBuildConfiguration;
			buildSettings = {
				CLANG_WARN_DOCUMENTATION_COMMENTS = YES;
				CLANG_WARN_SUSPICIOUS_MOVES = YES;
				DEVELOPMENT_TEAM = MFRY9RPA96;
				INFOPLIST_FILE = IguazuPerformanceTests/Info.plist;
				IPHONEOS_DEPLOYMENT_TARGET = 10.1;
				LD_RUNPATH_SEARCH_PATHS = "$(inherited) @executable_path/Frameworks @loader_path/Frameworks";
				PRODUCT_BUNDLE_IDENTIFIER = com.fifteenjugglers.IguazuPerformanceTests;
				PRODUCT_NAME = "$(TARGET_NAME)";
				SWIFT_OPTIMIZATION_LEVEL = "-Owholemodule";
				SWIFT_VERSION = 3.0;
			};
			name = Release;
		};
/* End XCBuildConfiguration section */

/* Begin XCConfigurationList section */
		8722EF271D0DD90500DA4509 /* Build configuration list for PBXProject "Iguazu" */ = {
			isa = XCConfigurationList;
			buildConfigurations = (
				8722EF3F1D0DD90500DA4509 /* Debug */,
				8722EF401D0DD90500DA4509 /* Release */,
			);
			defaultConfigurationIsVisible = 0;
			defaultConfigurationName = Release;
		};
		8722EF411D0DD90500DA4509 /* Build configuration list for PBXNativeTarget "Iguazu" */ = {
			isa = XCConfigurationList;
			buildConfigurations = (
				8722EF421D0DD90500DA4509 /* Debug */,
				8722EF431D0DD90500DA4509 /* Release */,
			);
			defaultConfigurationIsVisible = 0;
			defaultConfigurationName = Release;
		};
		8722EF441D0DD90500DA4509 /* Build configuration list for PBXNativeTarget "IguazuTests" */ = {
			isa = XCConfigurationList;
			buildConfigurations = (
				8722EF451D0DD90500DA4509 /* Debug */,
				8722EF461D0DD90500DA4509 /* Release */,
			);
			defaultConfigurationIsVisible = 0;
			defaultConfigurationName = Release;
		};
		877B9D171DFC225800D2EB91 /* Build configuration list for PBXNativeTarget "IguazuPerformanceTests" */ = {
			isa = XCConfigurationList;
			buildConfigurations = (
				877B9D181DFC225800D2EB91 /* Debug */,
				877B9D191DFC225800D2EB91 /* Release */,
			);
			defaultConfigurationIsVisible = 0;
			defaultConfigurationName = Release;
		};
/* End XCConfigurationList section */
	};
	rootObject = 8722EF241D0DD90500DA4509 /* Project object */;
}
